// !$*UTF8*$!
{
	archiveVersion = 1;
	classes = {
	};
	objectVersion = 50;
	objects = {

/* Begin PBXBuildFile section */
		D20EE9D82094BC9100AF261D /* MiscTests.swift in Sources */ = {isa = PBXBuildFile; fileRef = D20EE9D72094BC9100AF261D /* MiscTests.swift */; };
		D22D02652083DE9100DC1F5B /* LoginController.swift in Sources */ = {isa = PBXBuildFile; fileRef = D22D02642083DE9100DC1F5B /* LoginController.swift */; };
		D22D02672083E45700DC1F5B /* Corsortium.swift in Sources */ = {isa = PBXBuildFile; fileRef = D22D02662083E45700DC1F5B /* Corsortium.swift */; };
		D22D02692083EA7600DC1F5B /* APITests.swift in Sources */ = {isa = PBXBuildFile; fileRef = D22D02682083EA7600DC1F5B /* APITests.swift */; };
		D22D026B2083EBB100DC1F5B /* AppSettings.swift in Sources */ = {isa = PBXBuildFile; fileRef = D22D026A2083EBB100DC1F5B /* AppSettings.swift */; };
		D22D02702084F53E00DC1F5B /* MD5.swift in Sources */ = {isa = PBXBuildFile; fileRef = D22D026F2084F53E00DC1F5B /* MD5.swift */; };
		D22D0273208506C500DC1F5B /* MD5Tests.swift in Sources */ = {isa = PBXBuildFile; fileRef = D22D0272208506C500DC1F5B /* MD5Tests.swift */; };
		D22D0275208516D700DC1F5B /* LICENSE in Resources */ = {isa = PBXBuildFile; fileRef = D22D0274208516D600DC1F5B /* LICENSE */; };
		D22D027820857E4C00DC1F5B /* GatewayResponse.swift in Sources */ = {isa = PBXBuildFile; fileRef = D22D027720857E4C00DC1F5B /* GatewayResponse.swift */; };
		D22D027A2085889A00DC1F5B /* GatewayResponseTests.swift in Sources */ = {isa = PBXBuildFile; fileRef = D22D02792085889A00DC1F5B /* GatewayResponseTests.swift */; };
		D231B52220804DF900478D25 /* AlamoTests.swift in Sources */ = {isa = PBXBuildFile; fileRef = D231B52120804DF900478D25 /* AlamoTests.swift */; };
		D231B5292081628900478D25 /* Alamofire.framework in Frameworks */ = {isa = PBXBuildFile; fileRef = D231B5282081628900478D25 /* Alamofire.framework */; };
		D231B52C2083C08000478D25 /* Library.swift in Sources */ = {isa = PBXBuildFile; fileRef = D231B52B2083C08000478D25 /* Library.swift */; };
		D231B52E2083C1E500478D25 /* LibraryTests.swift in Sources */ = {isa = PBXBuildFile; fileRef = D231B52D2083C1E500478D25 /* LibraryTests.swift */; };
		D2385E2C2091400D00FE0C89 /* IDLParserTests.swift in Sources */ = {isa = PBXBuildFile; fileRef = D2385E2B2091400D00FE0C89 /* IDLParserTests.swift */; };
		D2385E2E20914E6C00FE0C89 /* TestData in Resources */ = {isa = PBXBuildFile; fileRef = D2385E2D20914E6B00FE0C89 /* TestData */; };
		D246990420A9D80E0006DFF9 /* MainViewController.swift in Sources */ = {isa = PBXBuildFile; fileRef = D246990320A9D80E0006DFF9 /* MainViewController.swift */; };
		D268D478209F9F830008D8C1 /* MainTextureViewController.swift in Sources */ = {isa = PBXBuildFile; fileRef = D268D477209F9F830008D8C1 /* MainTextureViewController.swift */; };
		D268D47A209FA0B10008D8C1 /* MainButtonLayoutNode.swift in Sources */ = {isa = PBXBuildFile; fileRef = D268D479209FA0B10008D8C1 /* MainButtonLayoutNode.swift */; };
		D268D47C209FA1AF0008D8C1 /* AsyncDisplayKit.framework in Frameworks */ = {isa = PBXBuildFile; fileRef = D268D47B209FA1AF0008D8C1 /* AsyncDisplayKit.framework */; };
		D268D47E209FA1C70008D8C1 /* AsyncDisplayKit.framework.dSYM in Resources */ = {isa = PBXBuildFile; fileRef = D268D47D209FA1C70008D8C1 /* AsyncDisplayKit.framework.dSYM */; };
		D270C4092091FCAA00D27159 /* IDLParser.swift in Sources */ = {isa = PBXBuildFile; fileRef = D270C4082091FCAA00D27159 /* IDLParser.swift */; };
		D27EFD5C2094E46400D7E22E /* Documentation in Resources */ = {isa = PBXBuildFile; fileRef = D27EFD5B2094E46400D7E22E /* Documentation */; };
		D287D4FC207AEF2B001AF644 /* AppDelegate.swift in Sources */ = {isa = PBXBuildFile; fileRef = D287D4FB207AEF2B001AF644 /* AppDelegate.swift */; };
		D287D4FE207AEF2B001AF644 /* LoginViewController.swift in Sources */ = {isa = PBXBuildFile; fileRef = D287D4FD207AEF2B001AF644 /* LoginViewController.swift */; };
		D287D501207AEF2B001AF644 /* Main.storyboard in Resources */ = {isa = PBXBuildFile; fileRef = D287D4FF207AEF2B001AF644 /* Main.storyboard */; };
		D287D503207AEF2C001AF644 /* Assets.xcassets in Resources */ = {isa = PBXBuildFile; fileRef = D287D502207AEF2C001AF644 /* Assets.xcassets */; };
		D287D506207AEF2C001AF644 /* LaunchScreen.storyboard in Resources */ = {isa = PBXBuildFile; fileRef = D287D504207AEF2C001AF644 /* LaunchScreen.storyboard */; };
		D287D51C207AEF3D001AF644 /* Account.swift in Sources */ = {isa = PBXBuildFile; fileRef = D287D51B207AEF3D001AF644 /* Account.swift */; };
		D287D51E207AEF54001AF644 /* AccountTests.swift in Sources */ = {isa = PBXBuildFile; fileRef = D287D51D207AEF54001AF644 /* AccountTests.swift */; };
		D287D520207AF88E001AF644 /* API.swift in Sources */ = {isa = PBXBuildFile; fileRef = D287D51F207AF88E001AF644 /* API.swift */; };
		D29C720E209245E200E90952 /* TestUserData in Resources */ = {isa = PBXBuildFile; fileRef = D29C720D209245E200E90952 /* TestUserData */; };
		D29C7210209248F500E90952 /* OSRFCoder.swift in Sources */ = {isa = PBXBuildFile; fileRef = D29C720F209248F500E90952 /* OSRFCoder.swift */; };
		D29C721220924CF000E90952 /* OSRFCoderTests.swift in Sources */ = {isa = PBXBuildFile; fileRef = D29C721120924CF000E90952 /* OSRFCoderTests.swift */; };
		D29C72142092691A00E90952 /* OSRFClass.swift in Sources */ = {isa = PBXBuildFile; fileRef = D29C72132092691A00E90952 /* OSRFClass.swift */; };
		D29C72162093A2C000E90952 /* OSRFObject.swift in Sources */ = {isa = PBXBuildFile; fileRef = D29C72152093A2C000E90952 /* OSRFObject.swift */; };
		D29C72182094002100E90952 /* OSRFObjectTests.swift in Sources */ = {isa = PBXBuildFile; fileRef = D29C72172094002100E90952 /* OSRFObjectTests.swift */; };
		D2CE228C20A10C9B00D45CE4 /* MainButtonCellNode.swift in Sources */ = {isa = PBXBuildFile; fileRef = D2CE228B20A10C9B00D45CE4 /* MainButtonCellNode.swift */; };
		D2D49BFF20A91328000B3A27 /* LoginControllerTests.swift in Sources */ = {isa = PBXBuildFile; fileRef = D2D49BFE20A91328000B3A27 /* LoginControllerTests.swift */; };
/* End PBXBuildFile section */

/* Begin PBXContainerItemProxy section */
		D287D50D207AEF2D001AF644 /* PBXContainerItemProxy */ = {
			isa = PBXContainerItemProxy;
			containerPortal = D287D4F0207AEF2B001AF644 /* Project object */;
			proxyType = 1;
			remoteGlobalIDString = D287D4F7207AEF2B001AF644;
			remoteInfo = Hemlock;
		};
/* End PBXContainerItemProxy section */

/* Begin PBXFileReference section */
		D20EE9D72094BC9100AF261D /* MiscTests.swift */ = {isa = PBXFileReference; lastKnownFileType = sourcecode.swift; path = MiscTests.swift; sourceTree = "<group>"; };
		D22D02612083CDF700DC1F5B /* Hemlock-Bridging-Header.h */ = {isa = PBXFileReference; lastKnownFileType = sourcecode.c.h; path = "Hemlock-Bridging-Header.h"; sourceTree = "<group>"; };
		D22D02642083DE9100DC1F5B /* LoginController.swift */ = {isa = PBXFileReference; lastKnownFileType = sourcecode.swift; path = LoginController.swift; sourceTree = "<group>"; };
		D22D02662083E45700DC1F5B /* Corsortium.swift */ = {isa = PBXFileReference; lastKnownFileType = sourcecode.swift; path = Corsortium.swift; sourceTree = "<group>"; };
		D22D02682083EA7600DC1F5B /* APITests.swift */ = {isa = PBXFileReference; lastKnownFileType = sourcecode.swift; path = APITests.swift; sourceTree = "<group>"; };
		D22D026A2083EBB100DC1F5B /* AppSettings.swift */ = {isa = PBXFileReference; lastKnownFileType = sourcecode.swift; path = AppSettings.swift; sourceTree = "<group>"; };
		D22D026F2084F53E00DC1F5B /* MD5.swift */ = {isa = PBXFileReference; lastKnownFileType = sourcecode.swift; path = MD5.swift; sourceTree = "<group>"; };
		D22D0272208506C500DC1F5B /* MD5Tests.swift */ = {isa = PBXFileReference; lastKnownFileType = sourcecode.swift; path = MD5Tests.swift; sourceTree = "<group>"; };
		D22D0274208516D600DC1F5B /* LICENSE */ = {isa = PBXFileReference; fileEncoding = 4; lastKnownFileType = text; path = LICENSE; sourceTree = "<group>"; };
		D22D027720857E4C00DC1F5B /* GatewayResponse.swift */ = {isa = PBXFileReference; lastKnownFileType = sourcecode.swift; path = GatewayResponse.swift; sourceTree = "<group>"; };
		D22D02792085889A00DC1F5B /* GatewayResponseTests.swift */ = {isa = PBXFileReference; lastKnownFileType = sourcecode.swift; path = GatewayResponseTests.swift; sourceTree = "<group>"; };
		D231B52120804DF900478D25 /* AlamoTests.swift */ = {isa = PBXFileReference; lastKnownFileType = sourcecode.swift; path = AlamoTests.swift; sourceTree = "<group>"; };
		D231B52620815EAC00478D25 /* Alamofire.framework.dSYM */ = {isa = PBXFileReference; lastKnownFileType = wrapper.dsym; name = Alamofire.framework.dSYM; path = Carthage/Build/iOS/Alamofire.framework.dSYM; sourceTree = "<group>"; };
		D231B5282081628900478D25 /* Alamofire.framework */ = {isa = PBXFileReference; lastKnownFileType = wrapper.framework; name = Alamofire.framework; path = Carthage/Build/iOS/Alamofire.framework; sourceTree = "<group>"; };
		D231B52B2083C08000478D25 /* Library.swift */ = {isa = PBXFileReference; lastKnownFileType = sourcecode.swift; path = Library.swift; sourceTree = "<group>"; };
		D231B52D2083C1E500478D25 /* LibraryTests.swift */ = {isa = PBXFileReference; lastKnownFileType = sourcecode.swift; path = LibraryTests.swift; sourceTree = "<group>"; };
		D2385E2B2091400D00FE0C89 /* IDLParserTests.swift */ = {isa = PBXFileReference; lastKnownFileType = sourcecode.swift; path = IDLParserTests.swift; sourceTree = "<group>"; };
		D2385E2D20914E6B00FE0C89 /* TestData */ = {isa = PBXFileReference; lastKnownFileType = folder; path = TestData; sourceTree = SOURCE_ROOT; };
		D246990320A9D80E0006DFF9 /* MainViewController.swift */ = {isa = PBXFileReference; lastKnownFileType = sourcecode.swift; path = MainViewController.swift; sourceTree = "<group>"; };
		D268D477209F9F830008D8C1 /* MainTextureViewController.swift */ = {isa = PBXFileReference; lastKnownFileType = sourcecode.swift; path = MainTextureViewController.swift; sourceTree = "<group>"; };
		D268D479209FA0B10008D8C1 /* MainButtonLayoutNode.swift */ = {isa = PBXFileReference; lastKnownFileType = sourcecode.swift; path = MainButtonLayoutNode.swift; sourceTree = "<group>"; };
		D268D47B209FA1AF0008D8C1 /* AsyncDisplayKit.framework */ = {isa = PBXFileReference; lastKnownFileType = wrapper.framework; name = AsyncDisplayKit.framework; path = Carthage/Build/iOS/AsyncDisplayKit.framework; sourceTree = "<group>"; };
		D268D47D209FA1C70008D8C1 /* AsyncDisplayKit.framework.dSYM */ = {isa = PBXFileReference; lastKnownFileType = wrapper.dsym; name = AsyncDisplayKit.framework.dSYM; path = Carthage/Build/iOS/AsyncDisplayKit.framework.dSYM; sourceTree = "<group>"; };
		D270C4082091FCAA00D27159 /* IDLParser.swift */ = {isa = PBXFileReference; lastKnownFileType = sourcecode.swift; path = IDLParser.swift; sourceTree = "<group>"; };
		D27EFD5A2094E1EB00D7E22E /* README.md */ = {isa = PBXFileReference; lastKnownFileType = net.daringfireball.markdown; name = README.md; path = /Users/kenstir/Documents/xcode/Hemlock/README.md; sourceTree = "<absolute>"; };
		D27EFD5B2094E46400D7E22E /* Documentation */ = {isa = PBXFileReference; lastKnownFileType = folder; path = Documentation; sourceTree = "<group>"; };
		D287D4F8207AEF2B001AF644 /* Hemlock.app */ = {isa = PBXFileReference; explicitFileType = wrapper.application; includeInIndex = 0; path = Hemlock.app; sourceTree = BUILT_PRODUCTS_DIR; };
		D287D4FB207AEF2B001AF644 /* AppDelegate.swift */ = {isa = PBXFileReference; lastKnownFileType = sourcecode.swift; path = AppDelegate.swift; sourceTree = "<group>"; };
		D287D4FD207AEF2B001AF644 /* LoginViewController.swift */ = {isa = PBXFileReference; lastKnownFileType = sourcecode.swift; path = LoginViewController.swift; sourceTree = "<group>"; };
		D287D500207AEF2B001AF644 /* Base */ = {isa = PBXFileReference; lastKnownFileType = file.storyboard; name = Base; path = Base.lproj/Main.storyboard; sourceTree = "<group>"; };
		D287D502207AEF2C001AF644 /* Assets.xcassets */ = {isa = PBXFileReference; lastKnownFileType = folder.assetcatalog; path = Assets.xcassets; sourceTree = "<group>"; };
		D287D505207AEF2C001AF644 /* Base */ = {isa = PBXFileReference; lastKnownFileType = file.storyboard; name = Base; path = Base.lproj/LaunchScreen.storyboard; sourceTree = "<group>"; };
		D287D507207AEF2C001AF644 /* Info.plist */ = {isa = PBXFileReference; lastKnownFileType = text.plist.xml; path = Info.plist; sourceTree = "<group>"; };
		D287D50C207AEF2D001AF644 /* HemlockTests.xctest */ = {isa = PBXFileReference; explicitFileType = wrapper.cfbundle; includeInIndex = 0; path = HemlockTests.xctest; sourceTree = BUILT_PRODUCTS_DIR; };
		D287D512207AEF2D001AF644 /* Info.plist */ = {isa = PBXFileReference; lastKnownFileType = text.plist.xml; path = Info.plist; sourceTree = "<group>"; };
		D287D51B207AEF3D001AF644 /* Account.swift */ = {isa = PBXFileReference; lastKnownFileType = sourcecode.swift; path = Account.swift; sourceTree = "<group>"; };
		D287D51D207AEF54001AF644 /* AccountTests.swift */ = {isa = PBXFileReference; lastKnownFileType = sourcecode.swift; path = AccountTests.swift; sourceTree = "<group>"; };
		D287D51F207AF88E001AF644 /* API.swift */ = {isa = PBXFileReference; lastKnownFileType = sourcecode.swift; path = API.swift; sourceTree = "<group>"; };
		D29C720D209245E200E90952 /* TestUserData */ = {isa = PBXFileReference; lastKnownFileType = folder; path = TestUserData; sourceTree = SOURCE_ROOT; };
		D29C720F209248F500E90952 /* OSRFCoder.swift */ = {isa = PBXFileReference; lastKnownFileType = sourcecode.swift; path = OSRFCoder.swift; sourceTree = "<group>"; };
		D29C721120924CF000E90952 /* OSRFCoderTests.swift */ = {isa = PBXFileReference; lastKnownFileType = sourcecode.swift; path = OSRFCoderTests.swift; sourceTree = "<group>"; };
		D29C72132092691A00E90952 /* OSRFClass.swift */ = {isa = PBXFileReference; lastKnownFileType = sourcecode.swift; path = OSRFClass.swift; sourceTree = "<group>"; };
		D29C72152093A2C000E90952 /* OSRFObject.swift */ = {isa = PBXFileReference; lastKnownFileType = sourcecode.swift; path = OSRFObject.swift; sourceTree = "<group>"; };
		D29C72172094002100E90952 /* OSRFObjectTests.swift */ = {isa = PBXFileReference; lastKnownFileType = sourcecode.swift; path = OSRFObjectTests.swift; sourceTree = "<group>"; };
		D2CE228B20A10C9B00D45CE4 /* MainButtonCellNode.swift */ = {isa = PBXFileReference; lastKnownFileType = sourcecode.swift; path = MainButtonCellNode.swift; sourceTree = "<group>"; };
		D2D49BFE20A91328000B3A27 /* LoginControllerTests.swift */ = {isa = PBXFileReference; fileEncoding = 4; lastKnownFileType = sourcecode.swift; path = LoginControllerTests.swift; sourceTree = "<group>"; };
/* End PBXFileReference section */

/* Begin PBXFrameworksBuildPhase section */
		D287D4F5207AEF2B001AF644 /* Frameworks */ = {
			isa = PBXFrameworksBuildPhase;
			buildActionMask = 2147483647;
			files = (
				D231B5292081628900478D25 /* Alamofire.framework in Frameworks */,
				D268D47C209FA1AF0008D8C1 /* AsyncDisplayKit.framework in Frameworks */,
			);
			runOnlyForDeploymentPostprocessing = 0;
		};
		D287D509207AEF2D001AF644 /* Frameworks */ = {
			isa = PBXFrameworksBuildPhase;
			buildActionMask = 2147483647;
			files = (
			);
			runOnlyForDeploymentPostprocessing = 0;
		};
/* End PBXFrameworksBuildPhase section */

/* Begin PBXGroup section */
		D22D026E2084F52300DC1F5B /* Utils */ = {
			isa = PBXGroup;
			children = (
				D22D026F2084F53E00DC1F5B /* MD5.swift */,
			);
			path = Utils;
			sourceTree = "<group>";
		};
		D22D0271208506A700DC1F5B /* Utils */ = {
			isa = PBXGroup;
			children = (
				D22D0272208506C500DC1F5B /* MD5Tests.swift */,
			);
			path = Utils;
			sourceTree = "<group>";
		};
		D22D027620857DFE00DC1F5B /* Evergreen */ = {
			isa = PBXGroup;
			children = (
				D287D51B207AEF3D001AF644 /* Account.swift */,
				D287D51F207AF88E001AF644 /* API.swift */,
				D22D02662083E45700DC1F5B /* Corsortium.swift */,
				D22D027720857E4C00DC1F5B /* GatewayResponse.swift */,
				D270C4082091FCAA00D27159 /* IDLParser.swift */,
				D231B52B2083C08000478D25 /* Library.swift */,
				D22D02642083DE9100DC1F5B /* LoginController.swift */,
				D29C72132092691A00E90952 /* OSRFClass.swift */,
				D29C720F209248F500E90952 /* OSRFCoder.swift */,
				D29C72152093A2C000E90952 /* OSRFObject.swift */,
			);
			path = Evergreen;
			sourceTree = "<group>";
		};
		D22D027B208588A100DC1F5B /* Evergreen */ = {
			isa = PBXGroup;
			children = (
				D22D02682083EA7600DC1F5B /* APITests.swift */,
				D22D02792085889A00DC1F5B /* GatewayResponseTests.swift */,
				D2385E2B2091400D00FE0C89 /* IDLParserTests.swift */,
				D2D49BFE20A91328000B3A27 /* LoginControllerTests.swift */,
				D29C721120924CF000E90952 /* OSRFCoderTests.swift */,
				D29C72172094002100E90952 /* OSRFObjectTests.swift */,
			);
			path = Evergreen;
			sourceTree = "<group>";
		};
		D231B52520815EAC00478D25 /* Frameworks */ = {
			isa = PBXGroup;
			children = (
				D231B5282081628900478D25 /* Alamofire.framework */,
				D231B52620815EAC00478D25 /* Alamofire.framework.dSYM */,
				D268D47B209FA1AF0008D8C1 /* AsyncDisplayKit.framework */,
				D268D47D209FA1C70008D8C1 /* AsyncDisplayKit.framework.dSYM */,
			);
			name = Frameworks;
			sourceTree = "<group>";
		};
		D287D4EF207AEF2B001AF644 = {
			isa = PBXGroup;
			children = (
				D22D0274208516D600DC1F5B /* LICENSE */,
				D27EFD5A2094E1EB00D7E22E /* README.md */,
				D27EFD5B2094E46400D7E22E /* Documentation */,
				D287D4FA207AEF2B001AF644 /* Source */,
				D287D50F207AEF2D001AF644 /* Tests */,
				D287D4F9207AEF2B001AF644 /* Products */,
				D231B52520815EAC00478D25 /* Frameworks */,
				D22D02612083CDF700DC1F5B /* Hemlock-Bridging-Header.h */,
			);
			sourceTree = "<group>";
		};
		D287D4F9207AEF2B001AF644 /* Products */ = {
			isa = PBXGroup;
			children = (
				D287D4F8207AEF2B001AF644 /* Hemlock.app */,
				D287D50C207AEF2D001AF644 /* HemlockTests.xctest */,
			);
			name = Products;
			sourceTree = "<group>";
		};
		D287D4FA207AEF2B001AF644 /* Source */ = {
			isa = PBXGroup;
			children = (
				D22D027620857DFE00DC1F5B /* Evergreen */,
				D2D49BFB20A90CA9000B3A27 /* PINES */,
				D22D026E2084F52300DC1F5B /* Utils */,
				D287D4FB207AEF2B001AF644 /* AppDelegate.swift */,
				D287D502207AEF2C001AF644 /* Assets.xcassets */,
				D287D507207AEF2C001AF644 /* Info.plist */,
				D287D504207AEF2C001AF644 /* LaunchScreen.storyboard */,
				D287D4FF207AEF2B001AF644 /* Main.storyboard */,
				D2CE228B20A10C9B00D45CE4 /* MainButtonCellNode.swift */,
				D268D479209FA0B10008D8C1 /* MainButtonLayoutNode.swift */,
				D268D477209F9F830008D8C1 /* MainTextureViewController.swift */,
				D287D4FD207AEF2B001AF644 /* LoginViewController.swift */,
				D246990320A9D80E0006DFF9 /* MainViewController.swift */,
			);
			path = Source;
			sourceTree = "<group>";
		};
		D287D50F207AEF2D001AF644 /* Tests */ = {
			isa = PBXGroup;
			children = (
				D29C720D209245E200E90952 /* TestUserData */,
				D2385E2D20914E6B00FE0C89 /* TestData */,
				D22D027B208588A100DC1F5B /* Evergreen */,
				D22D0271208506A700DC1F5B /* Utils */,
				D287D51D207AEF54001AF644 /* AccountTests.swift */,
				D231B52120804DF900478D25 /* AlamoTests.swift */,
				D287D512207AEF2D001AF644 /* Info.plist */,
				D231B52D2083C1E500478D25 /* LibraryTests.swift */,
				D20EE9D72094BC9100AF261D /* MiscTests.swift */,
			);
			path = Tests;
			sourceTree = "<group>";
		};
		D2D49BFB20A90CA9000B3A27 /* PINES */ = {
			isa = PBXGroup;
			children = (
				D22D026A2083EBB100DC1F5B /* AppSettings.swift */,
			);
			path = PINES;
			sourceTree = "<group>";
		};
/* End PBXGroup section */

/* Begin PBXNativeTarget section */
		D287D4F7207AEF2B001AF644 /* Hemlock */ = {
			isa = PBXNativeTarget;
			buildConfigurationList = D287D515207AEF2D001AF644 /* Build configuration list for PBXNativeTarget "Hemlock" */;
			buildPhases = (
				D287D4F4207AEF2B001AF644 /* Sources */,
				D287D4F5207AEF2B001AF644 /* Frameworks */,
				D287D4F6207AEF2B001AF644 /* Resources */,
				D231B52A208162F100478D25 /* ShellScript */,
			);
			buildRules = (
			);
			dependencies = (
			);
			name = Hemlock;
			productName = Hemlock;
			productReference = D287D4F8207AEF2B001AF644 /* Hemlock.app */;
			productType = "com.apple.product-type.application";
		};
		D287D50B207AEF2D001AF644 /* HemlockTests */ = {
			isa = PBXNativeTarget;
			buildConfigurationList = D287D518207AEF2D001AF644 /* Build configuration list for PBXNativeTarget "HemlockTests" */;
			buildPhases = (
				D287D508207AEF2D001AF644 /* Sources */,
				D287D509207AEF2D001AF644 /* Frameworks */,
				D287D50A207AEF2D001AF644 /* Resources */,
			);
			buildRules = (
			);
			dependencies = (
				D287D50E207AEF2D001AF644 /* PBXTargetDependency */,
			);
			name = HemlockTests;
			productName = HemlockTests;
			productReference = D287D50C207AEF2D001AF644 /* HemlockTests.xctest */;
			productType = "com.apple.product-type.bundle.unit-test";
		};
/* End PBXNativeTarget section */

/* Begin PBXProject section */
		D287D4F0207AEF2B001AF644 /* Project object */ = {
			isa = PBXProject;
			attributes = {
				LastSwiftUpdateCheck = 0930;
				LastUpgradeCheck = 0930;
				ORGANIZATIONNAME = "Ken Cox";
				TargetAttributes = {
					D287D4F7207AEF2B001AF644 = {
						CreatedOnToolsVersion = 9.3;
						LastSwiftMigration = 0930;
					};
					D287D50B207AEF2D001AF644 = {
						CreatedOnToolsVersion = 9.3;
						TestTargetID = D287D4F7207AEF2B001AF644;
					};
				};
			};
			buildConfigurationList = D287D4F3207AEF2B001AF644 /* Build configuration list for PBXProject "Hemlock" */;
			compatibilityVersion = "Xcode 9.3";
			developmentRegion = en;
			hasScannedForEncodings = 0;
			knownRegions = (
				en,
				Base,
			);
			mainGroup = D287D4EF207AEF2B001AF644;
			productRefGroup = D287D4F9207AEF2B001AF644 /* Products */;
			projectDirPath = "";
			projectRoot = "";
			targets = (
				D287D4F7207AEF2B001AF644 /* Hemlock */,
				D287D50B207AEF2D001AF644 /* HemlockTests */,
			);
		};
/* End PBXProject section */

/* Begin PBXResourcesBuildPhase section */
		D287D4F6207AEF2B001AF644 /* Resources */ = {
			isa = PBXResourcesBuildPhase;
			buildActionMask = 2147483647;
			files = (
				D287D506207AEF2C001AF644 /* LaunchScreen.storyboard in Resources */,
				D287D503207AEF2C001AF644 /* Assets.xcassets in Resources */,
				D22D0275208516D700DC1F5B /* LICENSE in Resources */,
				D27EFD5C2094E46400D7E22E /* Documentation in Resources */,
				D287D501207AEF2B001AF644 /* Main.storyboard in Resources */,
				D268D47E209FA1C70008D8C1 /* AsyncDisplayKit.framework.dSYM in Resources */,
			);
			runOnlyForDeploymentPostprocessing = 0;
		};
		D287D50A207AEF2D001AF644 /* Resources */ = {
			isa = PBXResourcesBuildPhase;
			buildActionMask = 2147483647;
			files = (
				D2385E2E20914E6C00FE0C89 /* TestData in Resources */,
				D29C720E209245E200E90952 /* TestUserData in Resources */,
			);
			runOnlyForDeploymentPostprocessing = 0;
		};
/* End PBXResourcesBuildPhase section */

/* Begin PBXShellScriptBuildPhase section */
		D231B52A208162F100478D25 /* ShellScript */ = {
			isa = PBXShellScriptBuildPhase;
			buildActionMask = 2147483647;
			files = (
			);
			inputPaths = (
				"$(SRCROOT)/Carthage/Build/iOS/Alamofire.framework",
				"$(SRCROOT)/Carthage/Build/iOS/AsyncDisplayKit.framework",
			);
			outputPaths = (
				"$(BUILT_PRODUCTS_DIR)/$(FRAMEWORKS_FOLDER_PATH)/Alamofire.framework",
				"$(BUILT_PRODUCTS_DIR)/$(FRAMEWORKS_FOLDER_PATH)/AsyncDisplayKit.framework",
			);
			runOnlyForDeploymentPostprocessing = 0;
			shellPath = /bin/sh;
			shellScript = "/usr/local/bin/carthage copy-frameworks";
		};
/* End PBXShellScriptBuildPhase section */

/* Begin PBXSourcesBuildPhase section */
		D287D4F4207AEF2B001AF644 /* Sources */ = {
			isa = PBXSourcesBuildPhase;
			buildActionMask = 2147483647;
			files = (
				D29C7210209248F500E90952 /* OSRFCoder.swift in Sources */,
				D287D4FE207AEF2B001AF644 /* LoginViewController.swift in Sources */,
				D29C72162093A2C000E90952 /* OSRFObject.swift in Sources */,
				D287D520207AF88E001AF644 /* API.swift in Sources */,
				D22D026B2083EBB100DC1F5B /* AppSettings.swift in Sources */,
				D22D02672083E45700DC1F5B /* Corsortium.swift in Sources */,
				D231B52C2083C08000478D25 /* Library.swift in Sources */,
				D22D027820857E4C00DC1F5B /* GatewayResponse.swift in Sources */,
				D22D02702084F53E00DC1F5B /* MD5.swift in Sources */,
				D268D478209F9F830008D8C1 /* MainTextureViewController.swift in Sources */,
				D268D47A209FA0B10008D8C1 /* MainButtonLayoutNode.swift in Sources */,
				D270C4092091FCAA00D27159 /* IDLParser.swift in Sources */,
				D29C72142092691A00E90952 /* OSRFClass.swift in Sources */,
				D287D4FC207AEF2B001AF644 /* AppDelegate.swift in Sources */,
				D2CE228C20A10C9B00D45CE4 /* MainButtonCellNode.swift in Sources */,
				D246990420A9D80E0006DFF9 /* MainViewController.swift in Sources */,
				D287D51C207AEF3D001AF644 /* Account.swift in Sources */,
				D22D02652083DE9100DC1F5B /* LoginController.swift in Sources */,
			);
			runOnlyForDeploymentPostprocessing = 0;
		};
		D287D508207AEF2D001AF644 /* Sources */ = {
			isa = PBXSourcesBuildPhase;
			buildActionMask = 2147483647;
			files = (
				D231B52E2083C1E500478D25 /* LibraryTests.swift in Sources */,
				D2385E2C2091400D00FE0C89 /* IDLParserTests.swift in Sources */,
				D29C72182094002100E90952 /* OSRFObjectTests.swift in Sources */,
				D231B52220804DF900478D25 /* AlamoTests.swift in Sources */,
				D22D027A2085889A00DC1F5B /* GatewayResponseTests.swift in Sources */,
				D287D51E207AEF54001AF644 /* AccountTests.swift in Sources */,
				D22D0273208506C500DC1F5B /* MD5Tests.swift in Sources */,
				D2D49BFF20A91328000B3A27 /* LoginControllerTests.swift in Sources */,
				D29C721220924CF000E90952 /* OSRFCoderTests.swift in Sources */,
				D20EE9D82094BC9100AF261D /* MiscTests.swift in Sources */,
				D22D02692083EA7600DC1F5B /* APITests.swift in Sources */,
			);
			runOnlyForDeploymentPostprocessing = 0;
		};
/* End PBXSourcesBuildPhase section */

/* Begin PBXTargetDependency section */
		D287D50E207AEF2D001AF644 /* PBXTargetDependency */ = {
			isa = PBXTargetDependency;
			target = D287D4F7207AEF2B001AF644 /* Hemlock */;
			targetProxy = D287D50D207AEF2D001AF644 /* PBXContainerItemProxy */;
		};
/* End PBXTargetDependency section */

/* Begin PBXVariantGroup section */
		D287D4FF207AEF2B001AF644 /* Main.storyboard */ = {
			isa = PBXVariantGroup;
			children = (
				D287D500207AEF2B001AF644 /* Base */,
			);
			name = Main.storyboard;
			sourceTree = "<group>";
		};
		D287D504207AEF2C001AF644 /* LaunchScreen.storyboard */ = {
			isa = PBXVariantGroup;
			children = (
				D287D505207AEF2C001AF644 /* Base */,
			);
			name = LaunchScreen.storyboard;
			sourceTree = "<group>";
		};
/* End PBXVariantGroup section */

/* Begin XCBuildConfiguration section */
		D287D513207AEF2D001AF644 /* Debug */ = {
			isa = XCBuildConfiguration;
			buildSettings = {
				ALWAYS_SEARCH_USER_PATHS = NO;
				CLANG_ANALYZER_NONNULL = YES;
				CLANG_ANALYZER_NUMBER_OBJECT_CONVERSION = YES_AGGRESSIVE;
				CLANG_CXX_LANGUAGE_STANDARD = "gnu++14";
				CLANG_CXX_LIBRARY = "libc++";
				CLANG_ENABLE_MODULES = YES;
				CLANG_ENABLE_OBJC_ARC = YES;
				CLANG_ENABLE_OBJC_WEAK = YES;
				CLANG_WARN_BLOCK_CAPTURE_AUTORELEASING = YES;
				CLANG_WARN_BOOL_CONVERSION = YES;
				CLANG_WARN_COMMA = YES;
				CLANG_WARN_CONSTANT_CONVERSION = YES;
				CLANG_WARN_DEPRECATED_OBJC_IMPLEMENTATIONS = YES;
				CLANG_WARN_DIRECT_OBJC_ISA_USAGE = YES_ERROR;
				CLANG_WARN_DOCUMENTATION_COMMENTS = YES;
				CLANG_WARN_EMPTY_BODY = YES;
				CLANG_WARN_ENUM_CONVERSION = YES;
				CLANG_WARN_INFINITE_RECURSION = YES;
				CLANG_WARN_INT_CONVERSION = YES;
				CLANG_WARN_NON_LITERAL_NULL_CONVERSION = YES;
				CLANG_WARN_OBJC_IMPLICIT_RETAIN_SELF = YES;
				CLANG_WARN_OBJC_LITERAL_CONVERSION = YES;
				CLANG_WARN_OBJC_ROOT_CLASS = YES_ERROR;
				CLANG_WARN_RANGE_LOOP_ANALYSIS = YES;
				CLANG_WARN_STRICT_PROTOTYPES = YES;
				CLANG_WARN_SUSPICIOUS_MOVE = YES;
				CLANG_WARN_UNGUARDED_AVAILABILITY = YES_AGGRESSIVE;
				CLANG_WARN_UNREACHABLE_CODE = YES;
				CLANG_WARN__DUPLICATE_METHOD_MATCH = YES;
				CODE_SIGN_IDENTITY = "iPhone Developer";
				COPY_PHASE_STRIP = NO;
				DEBUG_INFORMATION_FORMAT = dwarf;
				ENABLE_STRICT_OBJC_MSGSEND = YES;
				ENABLE_TESTABILITY = YES;
				GCC_C_LANGUAGE_STANDARD = gnu11;
				GCC_DYNAMIC_NO_PIC = NO;
				GCC_NO_COMMON_BLOCKS = YES;
				GCC_OPTIMIZATION_LEVEL = 0;
				GCC_PREPROCESSOR_DEFINITIONS = (
					"DEBUG=1",
					"$(inherited)",
				);
				GCC_WARN_64_TO_32_BIT_CONVERSION = YES;
				GCC_WARN_ABOUT_RETURN_TYPE = YES_ERROR;
				GCC_WARN_UNDECLARED_SELECTOR = YES;
				GCC_WARN_UNINITIALIZED_AUTOS = YES_AGGRESSIVE;
				GCC_WARN_UNUSED_FUNCTION = YES;
				GCC_WARN_UNUSED_VARIABLE = YES;
				IPHONEOS_DEPLOYMENT_TARGET = 11.3;
				MTL_ENABLE_DEBUG_INFO = YES;
				ONLY_ACTIVE_ARCH = YES;
				SDKROOT = iphoneos;
				SWIFT_ACTIVE_COMPILATION_CONDITIONS = DEBUG;
				SWIFT_OPTIMIZATION_LEVEL = "-Onone";
			};
			name = Debug;
		};
		D287D514207AEF2D001AF644 /* Release */ = {
			isa = XCBuildConfiguration;
			buildSettings = {
				ALWAYS_SEARCH_USER_PATHS = NO;
				CLANG_ANALYZER_NONNULL = YES;
				CLANG_ANALYZER_NUMBER_OBJECT_CONVERSION = YES_AGGRESSIVE;
				CLANG_CXX_LANGUAGE_STANDARD = "gnu++14";
				CLANG_CXX_LIBRARY = "libc++";
				CLANG_ENABLE_MODULES = YES;
				CLANG_ENABLE_OBJC_ARC = YES;
				CLANG_ENABLE_OBJC_WEAK = YES;
				CLANG_WARN_BLOCK_CAPTURE_AUTORELEASING = YES;
				CLANG_WARN_BOOL_CONVERSION = YES;
				CLANG_WARN_COMMA = YES;
				CLANG_WARN_CONSTANT_CONVERSION = YES;
				CLANG_WARN_DEPRECATED_OBJC_IMPLEMENTATIONS = YES;
				CLANG_WARN_DIRECT_OBJC_ISA_USAGE = YES_ERROR;
				CLANG_WARN_DOCUMENTATION_COMMENTS = YES;
				CLANG_WARN_EMPTY_BODY = YES;
				CLANG_WARN_ENUM_CONVERSION = YES;
				CLANG_WARN_INFINITE_RECURSION = YES;
				CLANG_WARN_INT_CONVERSION = YES;
				CLANG_WARN_NON_LITERAL_NULL_CONVERSION = YES;
				CLANG_WARN_OBJC_IMPLICIT_RETAIN_SELF = YES;
				CLANG_WARN_OBJC_LITERAL_CONVERSION = YES;
				CLANG_WARN_OBJC_ROOT_CLASS = YES_ERROR;
				CLANG_WARN_RANGE_LOOP_ANALYSIS = YES;
				CLANG_WARN_STRICT_PROTOTYPES = YES;
				CLANG_WARN_SUSPICIOUS_MOVE = YES;
				CLANG_WARN_UNGUARDED_AVAILABILITY = YES_AGGRESSIVE;
				CLANG_WARN_UNREACHABLE_CODE = YES;
				CLANG_WARN__DUPLICATE_METHOD_MATCH = YES;
				CODE_SIGN_IDENTITY = "iPhone Developer";
				COPY_PHASE_STRIP = NO;
				DEBUG_INFORMATION_FORMAT = "dwarf-with-dsym";
				ENABLE_NS_ASSERTIONS = NO;
				ENABLE_STRICT_OBJC_MSGSEND = YES;
				GCC_C_LANGUAGE_STANDARD = gnu11;
				GCC_NO_COMMON_BLOCKS = YES;
				GCC_WARN_64_TO_32_BIT_CONVERSION = YES;
				GCC_WARN_ABOUT_RETURN_TYPE = YES_ERROR;
				GCC_WARN_UNDECLARED_SELECTOR = YES;
				GCC_WARN_UNINITIALIZED_AUTOS = YES_AGGRESSIVE;
				GCC_WARN_UNUSED_FUNCTION = YES;
				GCC_WARN_UNUSED_VARIABLE = YES;
				IPHONEOS_DEPLOYMENT_TARGET = 11.3;
				MTL_ENABLE_DEBUG_INFO = NO;
				SDKROOT = iphoneos;
				SWIFT_COMPILATION_MODE = wholemodule;
				SWIFT_OPTIMIZATION_LEVEL = "-O";
				VALIDATE_PRODUCT = YES;
			};
			name = Release;
		};
		D287D516207AEF2D001AF644 /* Debug */ = {
			isa = XCBuildConfiguration;
			buildSettings = {
				ASSETCATALOG_COMPILER_APPICON_NAME = AppIcon;
				CLANG_ENABLE_MODULES = YES;
				CODE_SIGN_STYLE = Automatic;
				DEVELOPMENT_TEAM = FCHUE4234N;
				FRAMEWORK_SEARCH_PATHS = (
					"$(inherited)",
					"$(PROJECT_DIR)/Carthage/Build/iOS",
				);
				INFOPLIST_FILE = "$(SRCROOT)/Source/Info.plist";
				LD_RUNPATH_SEARCH_PATHS = (
					"$(inherited)",
					"@executable_path/Frameworks",
				);
				PRODUCT_BUNDLE_IDENTIFIER = kenstir.net.apps.hemlock;
				PRODUCT_NAME = "$(TARGET_NAME)";
				SWIFT_OBJC_BRIDGING_HEADER = "Hemlock-Bridging-Header.h";
				SWIFT_OPTIMIZATION_LEVEL = "-Onone";
				SWIFT_VERSION = 4.0;
				TARGETED_DEVICE_FAMILY = "1,2";
			};
			name = Debug;
		};
		D287D517207AEF2D001AF644 /* Release */ = {
			isa = XCBuildConfiguration;
			buildSettings = {
				ASSETCATALOG_COMPILER_APPICON_NAME = AppIcon;
				CLANG_ENABLE_MODULES = YES;
				CODE_SIGN_STYLE = Automatic;
				DEVELOPMENT_TEAM = FCHUE4234N;
				FRAMEWORK_SEARCH_PATHS = (
					"$(inherited)",
					"$(PROJECT_DIR)/Carthage/Build/iOS",
				);
				INFOPLIST_FILE = "$(SRCROOT)/Source/Info.plist";
				LD_RUNPATH_SEARCH_PATHS = (
					"$(inherited)",
					"@executable_path/Frameworks",
				);
				PRODUCT_BUNDLE_IDENTIFIER = kenstir.net.apps.hemlock;
				PRODUCT_NAME = "$(TARGET_NAME)";
				SWIFT_OBJC_BRIDGING_HEADER = "Hemlock-Bridging-Header.h";
				SWIFT_VERSION = 4.0;
				TARGETED_DEVICE_FAMILY = "1,2";
			};
			name = Release;
		};
		D287D519207AEF2D001AF644 /* Debug */ = {
			isa = XCBuildConfiguration;
			buildSettings = {
				ALWAYS_EMBED_SWIFT_STANDARD_LIBRARIES = YES;
				BUNDLE_LOADER = "$(TEST_HOST)";
				CODE_SIGN_STYLE = Automatic;
				DEVELOPMENT_TEAM = FCHUE4234N;
				FRAMEWORK_SEARCH_PATHS = (
					"$(inherited)",
					"$(PROJECT_DIR)/Carthage/Build/iOS",
				);
				INFOPLIST_FILE = Tests/Info.plist;
				LD_RUNPATH_SEARCH_PATHS = (
					"$(inherited)",
					"@executable_path/Frameworks",
					"@loader_path/Frameworks",
				);
				PRODUCT_BUNDLE_IDENTIFIER = kenstir.net.HemlockTests;
				PRODUCT_NAME = "$(TARGET_NAME)";
				SWIFT_VERSION = 4.0;
				TARGETED_DEVICE_FAMILY = "1,2";
				TEST_HOST = "$(BUILT_PRODUCTS_DIR)/Hemlock.app/Hemlock";
			};
			name = Debug;
		};
		D287D51A207AEF2D001AF644 /* Release */ = {
			isa = XCBuildConfiguration;
			buildSettings = {
				ALWAYS_EMBED_SWIFT_STANDARD_LIBRARIES = YES;
				BUNDLE_LOADER = "$(TEST_HOST)";
				CODE_SIGN_STYLE = Automatic;
				DEVELOPMENT_TEAM = FCHUE4234N;
				FRAMEWORK_SEARCH_PATHS = (
					"$(inherited)",
					"$(PROJECT_DIR)/Carthage/Build/iOS",
				);
				INFOPLIST_FILE = Tests/Info.plist;
				LD_RUNPATH_SEARCH_PATHS = (
					"$(inherited)",
					"@executable_path/Frameworks",
					"@loader_path/Frameworks",
				);
				PRODUCT_BUNDLE_IDENTIFIER = kenstir.net.HemlockTests;
				PRODUCT_NAME = "$(TARGET_NAME)";
				SWIFT_VERSION = 4.0;
				TARGETED_DEVICE_FAMILY = "1,2";
				TEST_HOST = "$(BUILT_PRODUCTS_DIR)/Hemlock.app/Hemlock";
			};
			name = Release;
		};
/* End XCBuildConfiguration section */

/* Begin XCConfigurationList section */
		D287D4F3207AEF2B001AF644 /* Build configuration list for PBXProject "Hemlock" */ = {
			isa = XCConfigurationList;
			buildConfigurations = (
				D287D513207AEF2D001AF644 /* Debug */,
				D287D514207AEF2D001AF644 /* Release */,
			);
			defaultConfigurationIsVisible = 0;
			defaultConfigurationName = Release;
		};
		D287D515207AEF2D001AF644 /* Build configuration list for PBXNativeTarget "Hemlock" */ = {
			isa = XCConfigurationList;
			buildConfigurations = (
				D287D516207AEF2D001AF644 /* Debug */,
				D287D517207AEF2D001AF644 /* Release */,
			);
			defaultConfigurationIsVisible = 0;
			defaultConfigurationName = Release;
		};
		D287D518207AEF2D001AF644 /* Build configuration list for PBXNativeTarget "HemlockTests" */ = {
			isa = XCConfigurationList;
			buildConfigurations = (
				D287D519207AEF2D001AF644 /* Debug */,
				D287D51A207AEF2D001AF644 /* Release */,
			);
			defaultConfigurationIsVisible = 0;
			defaultConfigurationName = Release;
		};
/* End XCConfigurationList section */
	};
	rootObject = D287D4F0207AEF2B001AF644 /* Project object */;
}
