// !$*UTF8*$!
{
	archiveVersion = 1;
	classes = {
	};
	objectVersion = 50;
	objects = {

/* Begin PBXBuildFile section */
		D20D14CF20B7804C008F66B0 /* CheckoutsViewController.swift in Sources */ = {isa = PBXBuildFile; fileRef = D20D14CE20B7804C008F66B0 /* CheckoutsViewController.swift */; };
		D20D14D120B783C1008F66B0 /* CircRecord.swift in Sources */ = {isa = PBXBuildFile; fileRef = D20D14D020B783C1008F66B0 /* CircRecord.swift */; };
		D20D14D620B78CD8008F66B0 /* CheckoutsTableViewCell.swift in Sources */ = {isa = PBXBuildFile; fileRef = D20D14D520B78CD8008F66B0 /* CheckoutsTableViewCell.swift */; };
		D20EE9D82094BC9100AF261D /* MiscTests.swift in Sources */ = {isa = PBXBuildFile; fileRef = D20EE9D72094BC9100AF261D /* MiscTests.swift */; };
		D212DB0F20C3616A00267503 /* XCheckoutsViewController.swift in Sources */ = {isa = PBXBuildFile; fileRef = D212DB0E20C3616A00267503 /* XCheckoutsViewController.swift */; };
		D212DB1420C3734100267503 /* XCheckoutsTableNode.swift in Sources */ = {isa = PBXBuildFile; fileRef = D212DB1320C3734100267503 /* XCheckoutsTableNode.swift */; };
		D212DB2820C5B90A00267503 /* PromiseKitTests.swift in Sources */ = {isa = PBXBuildFile; fileRef = D212DB2720C5B90A00267503 /* PromiseKitTests.swift */; };
		D212DB2A20C5C0D200267503 /* PromiseKit.framework in Frameworks */ = {isa = PBXBuildFile; fileRef = D212DB2920C5C0D200267503 /* PromiseKit.framework */; };
		D212DB2C20C5C0D500267503 /* PMKAlamofire.framework in Frameworks */ = {isa = PBXBuildFile; fileRef = D212DB2B20C5C0D500267503 /* PMKAlamofire.framework */; };
		D212DB3020C8CEFA00267503 /* Gateway+PMK.swift in Sources */ = {isa = PBXBuildFile; fileRef = D212DB2F20C8CEFA00267503 /* Gateway+PMK.swift */; };
		D21F683720D8042800D953C1 /* Details.storyboard in Resources */ = {isa = PBXBuildFile; fileRef = D21F683620D8042800D953C1 /* Details.storyboard */; };
		D21F683920D804DD00D953C1 /* DetailsViewController.swift in Sources */ = {isa = PBXBuildFile; fileRef = D21F683820D804DD00D953C1 /* DetailsViewController.swift */; };
		D2211B0420CF68590043947B /* Checkouts.storyboard in Resources */ = {isa = PBXBuildFile; fileRef = D2211B0320CF68590043947B /* Checkouts.storyboard */; };
		D2211B0620D0BA840043947B /* Valet.framework in Frameworks */ = {isa = PBXBuildFile; fileRef = D2211B0520D0BA840043947B /* Valet.framework */; };
		D2216B7920CCA724005D06B1 /* Error+description.swift in Sources */ = {isa = PBXBuildFile; fileRef = D2216B7820CCA724005D06B1 /* Error+description.swift */; };
		D22438AC20D357E900D098D0 /* HoldsViewController.swift in Sources */ = {isa = PBXBuildFile; fileRef = D22438AB20D357E900D098D0 /* HoldsViewController.swift */; };
		D22438AE20D35CC000D098D0 /* HoldRecord.swift in Sources */ = {isa = PBXBuildFile; fileRef = D22438AD20D35CC000D098D0 /* HoldRecord.swift */; };
		D228FB6520D33402001A7E31 /* App.swift in Sources */ = {isa = PBXBuildFile; fileRef = D228FB6420D33402001A7E31 /* App.swift */; };
		D22D02652083DE9100DC1F5B /* LoginController.swift in Sources */ = {isa = PBXBuildFile; fileRef = D22D02642083DE9100DC1F5B /* LoginController.swift */; };
		D22D02672083E45700DC1F5B /* Corsortium.swift in Sources */ = {isa = PBXBuildFile; fileRef = D22D02662083E45700DC1F5B /* Corsortium.swift */; };
		D22D02692083EA7600DC1F5B /* GatewayTests.swift in Sources */ = {isa = PBXBuildFile; fileRef = D22D02682083EA7600DC1F5B /* GatewayTests.swift */; };
		D22D02702084F53E00DC1F5B /* MD5.swift in Sources */ = {isa = PBXBuildFile; fileRef = D22D026F2084F53E00DC1F5B /* MD5.swift */; };
		D22D0273208506C500DC1F5B /* MD5Tests.swift in Sources */ = {isa = PBXBuildFile; fileRef = D22D0272208506C500DC1F5B /* MD5Tests.swift */; };
		D22D027820857E4C00DC1F5B /* GatewayResponse.swift in Sources */ = {isa = PBXBuildFile; fileRef = D22D027720857E4C00DC1F5B /* GatewayResponse.swift */; };
		D22D027A2085889A00DC1F5B /* GatewayResponseTests.swift in Sources */ = {isa = PBXBuildFile; fileRef = D22D02792085889A00DC1F5B /* GatewayResponseTests.swift */; };
		D2318BD820CC44FA00A027EE /* HemlockError.swift in Sources */ = {isa = PBXBuildFile; fileRef = D2318BD720CC44FA00A027EE /* HemlockError.swift */; };
		D231B52220804DF900478D25 /* AlamoTests.swift in Sources */ = {isa = PBXBuildFile; fileRef = D231B52120804DF900478D25 /* AlamoTests.swift */; };
		D231B5292081628900478D25 /* Alamofire.framework in Frameworks */ = {isa = PBXBuildFile; fileRef = D231B5282081628900478D25 /* Alamofire.framework */; };
		D231B52C2083C08000478D25 /* Library.swift in Sources */ = {isa = PBXBuildFile; fileRef = D231B52B2083C08000478D25 /* Library.swift */; };
		D231B52E2083C1E500478D25 /* LibraryTests.swift in Sources */ = {isa = PBXBuildFile; fileRef = D231B52D2083C1E500478D25 /* LibraryTests.swift */; };
		D2385E2C2091400D00FE0C89 /* IDLParserTests.swift in Sources */ = {isa = PBXBuildFile; fileRef = D2385E2B2091400D00FE0C89 /* IDLParserTests.swift */; };
		D2385E2E20914E6C00FE0C89 /* TestData in Resources */ = {isa = PBXBuildFile; fileRef = D2385E2D20914E6B00FE0C89 /* TestData */; };
		D246990420A9D80E0006DFF9 /* MainViewController.swift in Sources */ = {isa = PBXBuildFile; fileRef = D246990320A9D80E0006DFF9 /* MainViewController.swift */; };
		D246990620AA5C620006DFF9 /* MainTableViewCell.swift in Sources */ = {isa = PBXBuildFile; fileRef = D246990520AA5C620006DFF9 /* MainTableViewCell.swift */; };
		D253343C20C23305008176B9 /* Theme.swift in Sources */ = {isa = PBXBuildFile; fileRef = D253343B20C23305008176B9 /* Theme.swift */; };
		D253343E20C3076D008176B9 /* AsyncDisplayKit.framework in Frameworks */ = {isa = PBXBuildFile; fileRef = D253343D20C3076D008176B9 /* AsyncDisplayKit.framework */; };
		D253344020C30789008176B9 /* PINRemoteImage.framework in Frameworks */ = {isa = PBXBuildFile; fileRef = D253343F20C30789008176B9 /* PINRemoteImage.framework */; };
		D253344220C3078F008176B9 /* PINCache.framework in Frameworks */ = {isa = PBXBuildFile; fileRef = D253344120C3078F008176B9 /* PINCache.framework */; };
		D253344420C30A60008176B9 /* PINOperation.framework in Frameworks */ = {isa = PBXBuildFile; fileRef = D253344320C30A60008176B9 /* PINOperation.framework */; };
		D2562FB120CDD3080072F750 /* FinesViewController.swift in Sources */ = {isa = PBXBuildFile; fileRef = D2562FB020CDD3080072F750 /* FinesViewController.swift */; };
		D2562FB320CDE9CE0072F750 /* UIViewController+.swift in Sources */ = {isa = PBXBuildFile; fileRef = D2562FB220CDE9CE0072F750 /* UIViewController+.swift */; };
		D256656320E1B4DD0001F40F /* Results.storyboard in Resources */ = {isa = PBXBuildFile; fileRef = D256656220E1B4DD0001F40F /* Results.storyboard */; };
		D256656420E1B4DD0001F40F /* Results.storyboard in Resources */ = {isa = PBXBuildFile; fileRef = D256656220E1B4DD0001F40F /* Results.storyboard */; };
		D256656620E1B56F0001F40F /* ResultsViewController.swift in Sources */ = {isa = PBXBuildFile; fileRef = D256656520E1B56F0001F40F /* ResultsViewController.swift */; };
		D256656720E1B56F0001F40F /* ResultsViewController.swift in Sources */ = {isa = PBXBuildFile; fileRef = D256656520E1B56F0001F40F /* ResultsViewController.swift */; };
		D260755820E0860300795124 /* Organization.swift in Sources */ = {isa = PBXBuildFile; fileRef = D260755720E0860300795124 /* Organization.swift */; };
		D260755920E0860300795124 /* Organization.swift in Sources */ = {isa = PBXBuildFile; fileRef = D260755720E0860300795124 /* Organization.swift */; };
		D260755B20E144E000795124 /* SearchFormat.swift in Sources */ = {isa = PBXBuildFile; fileRef = D260755A20E144E000795124 /* SearchFormat.swift */; };
		D260755C20E144E000795124 /* SearchFormat.swift in Sources */ = {isa = PBXBuildFile; fileRef = D260755A20E144E000795124 /* SearchFormat.swift */; };
		D260755E20E165D200795124 /* FormatTests.swift in Sources */ = {isa = PBXBuildFile; fileRef = D260755D20E165D200795124 /* FormatTests.swift */; };
		D26A146A20B2029900DDA97C /* Gateway.swift in Sources */ = {isa = PBXBuildFile; fileRef = D26A146920B2029900DDA97C /* Gateway.swift */; };
		D270C4092091FCAA00D27159 /* IDLParser.swift in Sources */ = {isa = PBXBuildFile; fileRef = D270C4082091FCAA00D27159 /* IDLParser.swift */; };
		D27990CC20DDD473003B451E /* OSRFCoder.swift in Sources */ = {isa = PBXBuildFile; fileRef = D29C720F209248F500E90952 /* OSRFCoder.swift */; };
		D27990CD20DDD473003B451E /* LoginViewController.swift in Sources */ = {isa = PBXBuildFile; fileRef = D287D4FD207AEF2B001AF644 /* LoginViewController.swift */; };
		D27990CE20DDD473003B451E /* XCheckoutsTableNode.swift in Sources */ = {isa = PBXBuildFile; fileRef = D212DB1320C3734100267503 /* XCheckoutsTableNode.swift */; };
		D27990CF20DDD473003B451E /* OSRFObject.swift in Sources */ = {isa = PBXBuildFile; fileRef = D29C72152093A2C000E90952 /* OSRFObject.swift */; };
		D27990D020DDD473003B451E /* MainTableViewCell.swift in Sources */ = {isa = PBXBuildFile; fileRef = D246990520AA5C620006DFF9 /* MainTableViewCell.swift */; };
		D27990D120DDD473003B451E /* HoldRecord.swift in Sources */ = {isa = PBXBuildFile; fileRef = D22438AD20D35CC000D098D0 /* HoldRecord.swift */; };
		D27990D220DDD473003B451E /* FinesViewController.swift in Sources */ = {isa = PBXBuildFile; fileRef = D2562FB020CDD3080072F750 /* FinesViewController.swift */; };
		D27990D320DDD473003B451E /* API.swift in Sources */ = {isa = PBXBuildFile; fileRef = D287D51F207AF88E001AF644 /* API.swift */; };
		D27990D520DDD473003B451E /* DetailsViewController.swift in Sources */ = {isa = PBXBuildFile; fileRef = D21F683820D804DD00D953C1 /* DetailsViewController.swift */; };
		D27990D620DDD473003B451E /* Corsortium.swift in Sources */ = {isa = PBXBuildFile; fileRef = D22D02662083E45700DC1F5B /* Corsortium.swift */; };
		D27990D720DDD473003B451E /* App.swift in Sources */ = {isa = PBXBuildFile; fileRef = D228FB6420D33402001A7E31 /* App.swift */; };
		D27990D820DDD473003B451E /* Library.swift in Sources */ = {isa = PBXBuildFile; fileRef = D231B52B2083C08000478D25 /* Library.swift */; };
		D27990D920DDD473003B451E /* GatewayResponse.swift in Sources */ = {isa = PBXBuildFile; fileRef = D22D027720857E4C00DC1F5B /* GatewayResponse.swift */; };
		D27990DA20DDD473003B451E /* HemlockError.swift in Sources */ = {isa = PBXBuildFile; fileRef = D2318BD720CC44FA00A027EE /* HemlockError.swift */; };
		D27990DB20DDD473003B451E /* SearchViewController.swift in Sources */ = {isa = PBXBuildFile; fileRef = D29E87FC20D831540003EB27 /* SearchViewController.swift */; };
		D27990DC20DDD473003B451E /* HoldsViewController.swift in Sources */ = {isa = PBXBuildFile; fileRef = D22438AB20D357E900D098D0 /* HoldsViewController.swift */; };
		D27990DD20DDD473003B451E /* CircRecord.swift in Sources */ = {isa = PBXBuildFile; fileRef = D20D14D020B783C1008F66B0 /* CircRecord.swift */; };
		D27990DE20DDD473003B451E /* CheckoutsViewController.swift in Sources */ = {isa = PBXBuildFile; fileRef = D20D14CE20B7804C008F66B0 /* CheckoutsViewController.swift */; };
		D27990DF20DDD473003B451E /* Theme.swift in Sources */ = {isa = PBXBuildFile; fileRef = D253343B20C23305008176B9 /* Theme.swift */; };
		D27990E020DDD473003B451E /* Analytics.swift in Sources */ = {isa = PBXBuildFile; fileRef = D2DF196720CEF68700085255 /* Analytics.swift */; };
		D27990E120DDD473003B451E /* MD5.swift in Sources */ = {isa = PBXBuildFile; fileRef = D22D026F2084F53E00DC1F5B /* MD5.swift */; };
		D27990E220DDD473003B451E /* FinesTableViewCell.swift in Sources */ = {isa = PBXBuildFile; fileRef = FA273D0420D884D8009B152F /* FinesTableViewCell.swift */; };
		D27990E320DDD473003B451E /* IDLParser.swift in Sources */ = {isa = PBXBuildFile; fileRef = D270C4082091FCAA00D27159 /* IDLParser.swift */; };
		D27990E420DDD473003B451E /* Gateway+PMK.swift in Sources */ = {isa = PBXBuildFile; fileRef = D212DB2F20C8CEFA00267503 /* Gateway+PMK.swift */; };
		D27990E520DDD473003B451E /* Error+description.swift in Sources */ = {isa = PBXBuildFile; fileRef = D2216B7820CCA724005D06B1 /* Error+description.swift */; };
		D27990E720DDD473003B451E /* OSRFClass.swift in Sources */ = {isa = PBXBuildFile; fileRef = D29C72132092691A00E90952 /* OSRFClass.swift */; };
		D27990E820DDD473003B451E /* FineRecord.swift in Sources */ = {isa = PBXBuildFile; fileRef = D2DF196520CEEE1200085255 /* FineRecord.swift */; };
		D27990E920DDD473003B451E /* XCheckoutsViewController.swift in Sources */ = {isa = PBXBuildFile; fileRef = D212DB0E20C3616A00267503 /* XCheckoutsViewController.swift */; };
		D27990EA20DDD473003B451E /* AppDelegate.swift in Sources */ = {isa = PBXBuildFile; fileRef = D287D4FB207AEF2B001AF644 /* AppDelegate.swift */; };
		D27990EB20DDD473003B451E /* Gateway.swift in Sources */ = {isa = PBXBuildFile; fileRef = D26A146920B2029900DDA97C /* Gateway.swift */; };
		D27990EC20DDD473003B451E /* UIViewController+.swift in Sources */ = {isa = PBXBuildFile; fileRef = D2562FB220CDE9CE0072F750 /* UIViewController+.swift */; };
		D27990ED20DDD473003B451E /* CheckoutsTableViewCell.swift in Sources */ = {isa = PBXBuildFile; fileRef = D20D14D520B78CD8008F66B0 /* CheckoutsTableViewCell.swift */; };
		D27990EE20DDD473003B451E /* MainViewController.swift in Sources */ = {isa = PBXBuildFile; fileRef = D246990320A9D80E0006DFF9 /* MainViewController.swift */; };
		D27990EF20DDD473003B451E /* Account.swift in Sources */ = {isa = PBXBuildFile; fileRef = D287D51B207AEF3D001AF644 /* Account.swift */; };
		D27990F020DDD473003B451E /* LoginController.swift in Sources */ = {isa = PBXBuildFile; fileRef = D22D02642083DE9100DC1F5B /* LoginController.swift */; };
		D27990F220DDD473003B451E /* Valet.framework in Frameworks */ = {isa = PBXBuildFile; fileRef = D2211B0520D0BA840043947B /* Valet.framework */; };
		D27990F320DDD473003B451E /* PINOperation.framework in Frameworks */ = {isa = PBXBuildFile; fileRef = D253344320C30A60008176B9 /* PINOperation.framework */; };
		D27990F420DDD473003B451E /* Alamofire.framework in Frameworks */ = {isa = PBXBuildFile; fileRef = D231B5282081628900478D25 /* Alamofire.framework */; };
		D27990F520DDD473003B451E /* AsyncDisplayKit.framework in Frameworks */ = {isa = PBXBuildFile; fileRef = D253343D20C3076D008176B9 /* AsyncDisplayKit.framework */; };
		D27990F620DDD473003B451E /* PINRemoteImage.framework in Frameworks */ = {isa = PBXBuildFile; fileRef = D253343F20C30789008176B9 /* PINRemoteImage.framework */; };
		D27990F720DDD473003B451E /* PINCache.framework in Frameworks */ = {isa = PBXBuildFile; fileRef = D253344120C3078F008176B9 /* PINCache.framework */; };
		D27990F820DDD473003B451E /* PromiseKit.framework in Frameworks */ = {isa = PBXBuildFile; fileRef = D212DB2920C5C0D200267503 /* PromiseKit.framework */; };
		D27990F920DDD473003B451E /* PMKAlamofire.framework in Frameworks */ = {isa = PBXBuildFile; fileRef = D212DB2B20C5C0D500267503 /* PMKAlamofire.framework */; };
		D27990FB20DDD473003B451E /* LaunchScreen.storyboard in Resources */ = {isa = PBXBuildFile; fileRef = D287D504207AEF2C001AF644 /* LaunchScreen.storyboard */; };
		D27990FD20DDD473003B451E /* Checkouts.storyboard in Resources */ = {isa = PBXBuildFile; fileRef = D2211B0320CF68590043947B /* Checkouts.storyboard */; };
		D27990FF20DDD473003B451E /* Details.storyboard in Resources */ = {isa = PBXBuildFile; fileRef = D21F683620D8042800D953C1 /* Details.storyboard */; };
		D279910020DDD473003B451E /* Holds.storyboard in Resources */ = {isa = PBXBuildFile; fileRef = FACD142020CDB01C008F02D3 /* Holds.storyboard */; };
		D279910120DDD473003B451E /* Search.storyboard in Resources */ = {isa = PBXBuildFile; fileRef = FACD142620CDC0DF008F02D3 /* Search.storyboard */; };
		D279910220DDD473003B451E /* Documentation in Resources */ = {isa = PBXBuildFile; fileRef = D27EFD5B2094E46400D7E22E /* Documentation */; };
		D279910320DDD473003B451E /* Fines.storyboard in Resources */ = {isa = PBXBuildFile; fileRef = FACD141C20CDACFF008F02D3 /* Fines.storyboard */; };
		D279910420DDD473003B451E /* MyLists.storyboard in Resources */ = {isa = PBXBuildFile; fileRef = FACD142320CDBED6008F02D3 /* MyLists.storyboard */; };
		D279910520DDD473003B451E /* Main.storyboard in Resources */ = {isa = PBXBuildFile; fileRef = D287D4FF207AEF2B001AF644 /* Main.storyboard */; };
		D279910F20DDD760003B451E /* Hemlock.xcassets in Resources */ = {isa = PBXBuildFile; fileRef = D279910E20DDD760003B451E /* Hemlock.xcassets */; };
		D279911120DDD77F003B451E /* PINES.xcassets in Resources */ = {isa = PBXBuildFile; fileRef = D279911020DDD77F003B451E /* PINES.xcassets */; };
		D279911820DDE11E003B451E /* AppSettings.swift in Sources */ = {isa = PBXBuildFile; fileRef = D279911720DDE11E003B451E /* AppSettings.swift */; };
		D279911A20DDE160003B451E /* AppSettings.swift in Sources */ = {isa = PBXBuildFile; fileRef = D279911920DDE160003B451E /* AppSettings.swift */; };
		D279920B20DEEA27003B451E /* McPicker.swift in Sources */ = {isa = PBXBuildFile; fileRef = D279920420DEEA27003B451E /* McPicker.swift */; };
		D279920C20DEEA27003B451E /* McPicker.swift in Sources */ = {isa = PBXBuildFile; fileRef = D279920420DEEA27003B451E /* McPicker.swift */; };
		D279920D20DEEA27003B451E /* McPickerBarButtonItem.swift in Sources */ = {isa = PBXBuildFile; fileRef = D279920520DEEA27003B451E /* McPickerBarButtonItem.swift */; };
		D279920E20DEEA27003B451E /* McPickerBarButtonItem.swift in Sources */ = {isa = PBXBuildFile; fileRef = D279920520DEEA27003B451E /* McPickerBarButtonItem.swift */; };
		D279920F20DEEA27003B451E /* McPickerPopoverViewController.swift in Sources */ = {isa = PBXBuildFile; fileRef = D279920620DEEA27003B451E /* McPickerPopoverViewController.swift */; };
		D279921020DEEA27003B451E /* McPickerPopoverViewController.swift in Sources */ = {isa = PBXBuildFile; fileRef = D279920620DEEA27003B451E /* McPickerPopoverViewController.swift */; };
		D279921120DEEA27003B451E /* McTextField.swift in Sources */ = {isa = PBXBuildFile; fileRef = D279920720DEEA27003B451E /* McTextField.swift */; };
		D279921220DEEA27003B451E /* McTextField.swift in Sources */ = {isa = PBXBuildFile; fileRef = D279920720DEEA27003B451E /* McTextField.swift */; };
		D27EFD5C2094E46400D7E22E /* Documentation in Resources */ = {isa = PBXBuildFile; fileRef = D27EFD5B2094E46400D7E22E /* Documentation */; };
		D287D4FC207AEF2B001AF644 /* AppDelegate.swift in Sources */ = {isa = PBXBuildFile; fileRef = D287D4FB207AEF2B001AF644 /* AppDelegate.swift */; };
		D287D4FE207AEF2B001AF644 /* LoginViewController.swift in Sources */ = {isa = PBXBuildFile; fileRef = D287D4FD207AEF2B001AF644 /* LoginViewController.swift */; };
		D287D501207AEF2B001AF644 /* Main.storyboard in Resources */ = {isa = PBXBuildFile; fileRef = D287D4FF207AEF2B001AF644 /* Main.storyboard */; };
		D287D506207AEF2C001AF644 /* LaunchScreen.storyboard in Resources */ = {isa = PBXBuildFile; fileRef = D287D504207AEF2C001AF644 /* LaunchScreen.storyboard */; };
		D287D51C207AEF3D001AF644 /* Account.swift in Sources */ = {isa = PBXBuildFile; fileRef = D287D51B207AEF3D001AF644 /* Account.swift */; };
		D287D51E207AEF54001AF644 /* AccountTests.swift in Sources */ = {isa = PBXBuildFile; fileRef = D287D51D207AEF54001AF644 /* AccountTests.swift */; };
		D287D520207AF88E001AF644 /* API.swift in Sources */ = {isa = PBXBuildFile; fileRef = D287D51F207AF88E001AF644 /* API.swift */; };
		D29C720E209245E200E90952 /* TestUserData in Resources */ = {isa = PBXBuildFile; fileRef = D29C720D209245E200E90952 /* TestUserData */; };
		D29C7210209248F500E90952 /* OSRFCoder.swift in Sources */ = {isa = PBXBuildFile; fileRef = D29C720F209248F500E90952 /* OSRFCoder.swift */; };
		D29C721220924CF000E90952 /* OSRFCoderTests.swift in Sources */ = {isa = PBXBuildFile; fileRef = D29C721120924CF000E90952 /* OSRFCoderTests.swift */; };
		D29C72142092691A00E90952 /* OSRFClass.swift in Sources */ = {isa = PBXBuildFile; fileRef = D29C72132092691A00E90952 /* OSRFClass.swift */; };
		D29C72162093A2C000E90952 /* OSRFObject.swift in Sources */ = {isa = PBXBuildFile; fileRef = D29C72152093A2C000E90952 /* OSRFObject.swift */; };
		D29C72182094002100E90952 /* OSRFObjectTests.swift in Sources */ = {isa = PBXBuildFile; fileRef = D29C72172094002100E90952 /* OSRFObjectTests.swift */; };
		D29E87FD20D831540003EB27 /* SearchViewController.swift in Sources */ = {isa = PBXBuildFile; fileRef = D29E87FC20D831540003EB27 /* SearchViewController.swift */; };
		D2D49BFF20A91328000B3A27 /* LiveServiceTests.swift in Sources */ = {isa = PBXBuildFile; fileRef = D2D49BFE20A91328000B3A27 /* LiveServiceTests.swift */; };
		D2DF196620CEEE1200085255 /* FineRecord.swift in Sources */ = {isa = PBXBuildFile; fileRef = D2DF196520CEEE1200085255 /* FineRecord.swift */; };
		D2DF196820CEF68700085255 /* Analytics.swift in Sources */ = {isa = PBXBuildFile; fileRef = D2DF196720CEF68700085255 /* Analytics.swift */; };
		FA273D0520D884D8009B152F /* FinesTableViewCell.swift in Sources */ = {isa = PBXBuildFile; fileRef = FA273D0420D884D8009B152F /* FinesTableViewCell.swift */; };
		FA64C96020E04D34009973E5 /* MBRecord.swift in Sources */ = {isa = PBXBuildFile; fileRef = FA64C95F20E04D34009973E5 /* MBRecord.swift */; };
		FA64C96120E04D34009973E5 /* MBRecord.swift in Sources */ = {isa = PBXBuildFile; fileRef = FA64C95F20E04D34009973E5 /* MBRecord.swift */; };
		FACD141D20CDACFF008F02D3 /* Fines.storyboard in Resources */ = {isa = PBXBuildFile; fileRef = FACD141C20CDACFF008F02D3 /* Fines.storyboard */; };
		FACD142120CDB01C008F02D3 /* Holds.storyboard in Resources */ = {isa = PBXBuildFile; fileRef = FACD142020CDB01C008F02D3 /* Holds.storyboard */; };
		FACD142420CDBED6008F02D3 /* MyLists.storyboard in Resources */ = {isa = PBXBuildFile; fileRef = FACD142320CDBED6008F02D3 /* MyLists.storyboard */; };
		FACD142720CDC0DF008F02D3 /* Search.storyboard in Resources */ = {isa = PBXBuildFile; fileRef = FACD142620CDC0DF008F02D3 /* Search.storyboard */; };
/* End PBXBuildFile section */

/* Begin PBXContainerItemProxy section */
		D279911520DDE0AF003B451E /* PBXContainerItemProxy */ = {
			isa = PBXContainerItemProxy;
			containerPortal = D287D4F0207AEF2B001AF644 /* Project object */;
			proxyType = 1;
			remoteGlobalIDString = D27990CA20DDD473003B451E;
			remoteInfo = Hemlock;
		};
		D287D50D207AEF2D001AF644 /* PBXContainerItemProxy */ = {
			isa = PBXContainerItemProxy;
			containerPortal = D287D4F0207AEF2B001AF644 /* Project object */;
			proxyType = 1;
			remoteGlobalIDString = D287D4F7207AEF2B001AF644;
			remoteInfo = Hemlock;
		};
/* End PBXContainerItemProxy section */

/* Begin PBXFileReference section */
		D20D14CE20B7804C008F66B0 /* CheckoutsViewController.swift */ = {isa = PBXFileReference; lastKnownFileType = sourcecode.swift; path = CheckoutsViewController.swift; sourceTree = "<group>"; };
		D20D14D020B783C1008F66B0 /* CircRecord.swift */ = {isa = PBXFileReference; lastKnownFileType = sourcecode.swift; path = CircRecord.swift; sourceTree = "<group>"; };
		D20D14D520B78CD8008F66B0 /* CheckoutsTableViewCell.swift */ = {isa = PBXFileReference; lastKnownFileType = sourcecode.swift; path = CheckoutsTableViewCell.swift; sourceTree = "<group>"; };
		D20EE9D72094BC9100AF261D /* MiscTests.swift */ = {isa = PBXFileReference; lastKnownFileType = sourcecode.swift; path = MiscTests.swift; sourceTree = "<group>"; };
		D212DB0E20C3616A00267503 /* XCheckoutsViewController.swift */ = {isa = PBXFileReference; lastKnownFileType = sourcecode.swift; path = XCheckoutsViewController.swift; sourceTree = "<group>"; };
		D212DB1320C3734100267503 /* XCheckoutsTableNode.swift */ = {isa = PBXFileReference; lastKnownFileType = sourcecode.swift; path = XCheckoutsTableNode.swift; sourceTree = "<group>"; };
		D212DB2720C5B90A00267503 /* PromiseKitTests.swift */ = {isa = PBXFileReference; lastKnownFileType = sourcecode.swift; path = PromiseKitTests.swift; sourceTree = "<group>"; };
		D212DB2920C5C0D200267503 /* PromiseKit.framework */ = {isa = PBXFileReference; lastKnownFileType = wrapper.framework; name = PromiseKit.framework; path = Carthage/Build/iOS/PromiseKit.framework; sourceTree = "<group>"; };
		D212DB2B20C5C0D500267503 /* PMKAlamofire.framework */ = {isa = PBXFileReference; lastKnownFileType = wrapper.framework; name = PMKAlamofire.framework; path = Carthage/Build/iOS/PMKAlamofire.framework; sourceTree = "<group>"; };
		D212DB2F20C8CEFA00267503 /* Gateway+PMK.swift */ = {isa = PBXFileReference; lastKnownFileType = sourcecode.swift; name = "Gateway+PMK.swift"; path = "Source/Extensions/Gateway+PMK.swift"; sourceTree = SOURCE_ROOT; };
		D21F683620D8042800D953C1 /* Details.storyboard */ = {isa = PBXFileReference; lastKnownFileType = file.storyboard; path = Details.storyboard; sourceTree = "<group>"; };
		D21F683820D804DD00D953C1 /* DetailsViewController.swift */ = {isa = PBXFileReference; lastKnownFileType = sourcecode.swift; path = DetailsViewController.swift; sourceTree = "<group>"; };
		D2211B0320CF68590043947B /* Checkouts.storyboard */ = {isa = PBXFileReference; fileEncoding = 4; lastKnownFileType = file.storyboard; path = Checkouts.storyboard; sourceTree = "<group>"; };
		D2211B0520D0BA840043947B /* Valet.framework */ = {isa = PBXFileReference; lastKnownFileType = wrapper.framework; name = Valet.framework; path = Carthage/Build/iOS/Valet.framework; sourceTree = "<group>"; };
		D2216B7820CCA724005D06B1 /* Error+description.swift */ = {isa = PBXFileReference; lastKnownFileType = sourcecode.swift; path = "Error+description.swift"; sourceTree = "<group>"; };
		D22438AB20D357E900D098D0 /* HoldsViewController.swift */ = {isa = PBXFileReference; lastKnownFileType = sourcecode.swift; path = HoldsViewController.swift; sourceTree = "<group>"; };
		D22438AD20D35CC000D098D0 /* HoldRecord.swift */ = {isa = PBXFileReference; lastKnownFileType = sourcecode.swift; path = HoldRecord.swift; sourceTree = "<group>"; };
		D228FB6420D33402001A7E31 /* App.swift */ = {isa = PBXFileReference; lastKnownFileType = sourcecode.swift; path = App.swift; sourceTree = "<group>"; };
		D22D02612083CDF700DC1F5B /* Hemlock-Bridging-Header.h */ = {isa = PBXFileReference; lastKnownFileType = sourcecode.c.h; path = "Hemlock-Bridging-Header.h"; sourceTree = "<group>"; };
		D22D02642083DE9100DC1F5B /* LoginController.swift */ = {isa = PBXFileReference; lastKnownFileType = sourcecode.swift; path = LoginController.swift; sourceTree = "<group>"; };
		D22D02662083E45700DC1F5B /* Corsortium.swift */ = {isa = PBXFileReference; lastKnownFileType = sourcecode.swift; path = Corsortium.swift; sourceTree = "<group>"; };
		D22D02682083EA7600DC1F5B /* GatewayTests.swift */ = {isa = PBXFileReference; lastKnownFileType = sourcecode.swift; path = GatewayTests.swift; sourceTree = "<group>"; };
		D22D026F2084F53E00DC1F5B /* MD5.swift */ = {isa = PBXFileReference; lastKnownFileType = sourcecode.swift; path = MD5.swift; sourceTree = "<group>"; };
		D22D0272208506C500DC1F5B /* MD5Tests.swift */ = {isa = PBXFileReference; lastKnownFileType = sourcecode.swift; path = MD5Tests.swift; sourceTree = "<group>"; };
		D22D0274208516D600DC1F5B /* LICENSE */ = {isa = PBXFileReference; fileEncoding = 4; lastKnownFileType = text; path = LICENSE; sourceTree = "<group>"; };
		D22D027720857E4C00DC1F5B /* GatewayResponse.swift */ = {isa = PBXFileReference; lastKnownFileType = sourcecode.swift; path = GatewayResponse.swift; sourceTree = "<group>"; };
		D22D02792085889A00DC1F5B /* GatewayResponseTests.swift */ = {isa = PBXFileReference; lastKnownFileType = sourcecode.swift; path = GatewayResponseTests.swift; sourceTree = "<group>"; };
		D2318BD720CC44FA00A027EE /* HemlockError.swift */ = {isa = PBXFileReference; lastKnownFileType = sourcecode.swift; path = HemlockError.swift; sourceTree = "<group>"; };
		D231B52120804DF900478D25 /* AlamoTests.swift */ = {isa = PBXFileReference; lastKnownFileType = sourcecode.swift; path = AlamoTests.swift; sourceTree = "<group>"; };
		D231B5282081628900478D25 /* Alamofire.framework */ = {isa = PBXFileReference; lastKnownFileType = wrapper.framework; name = Alamofire.framework; path = Carthage/Build/iOS/Alamofire.framework; sourceTree = "<group>"; };
		D231B52B2083C08000478D25 /* Library.swift */ = {isa = PBXFileReference; lastKnownFileType = sourcecode.swift; path = Library.swift; sourceTree = "<group>"; };
		D231B52D2083C1E500478D25 /* LibraryTests.swift */ = {isa = PBXFileReference; lastKnownFileType = sourcecode.swift; path = LibraryTests.swift; sourceTree = "<group>"; };
		D2385E2B2091400D00FE0C89 /* IDLParserTests.swift */ = {isa = PBXFileReference; lastKnownFileType = sourcecode.swift; path = IDLParserTests.swift; sourceTree = "<group>"; };
		D2385E2D20914E6B00FE0C89 /* TestData */ = {isa = PBXFileReference; lastKnownFileType = folder; path = TestData; sourceTree = SOURCE_ROOT; };
		D246990320A9D80E0006DFF9 /* MainViewController.swift */ = {isa = PBXFileReference; lastKnownFileType = sourcecode.swift; path = MainViewController.swift; sourceTree = "<group>"; };
		D246990520AA5C620006DFF9 /* MainTableViewCell.swift */ = {isa = PBXFileReference; lastKnownFileType = sourcecode.swift; path = MainTableViewCell.swift; sourceTree = "<group>"; };
		D253343B20C23305008176B9 /* Theme.swift */ = {isa = PBXFileReference; lastKnownFileType = sourcecode.swift; path = Theme.swift; sourceTree = "<group>"; };
		D253343D20C3076D008176B9 /* AsyncDisplayKit.framework */ = {isa = PBXFileReference; lastKnownFileType = wrapper.framework; name = AsyncDisplayKit.framework; path = Carthage/Build/iOS/AsyncDisplayKit.framework; sourceTree = "<group>"; };
		D253343F20C30789008176B9 /* PINRemoteImage.framework */ = {isa = PBXFileReference; lastKnownFileType = wrapper.framework; name = PINRemoteImage.framework; path = Carthage/Build/iOS/PINRemoteImage.framework; sourceTree = "<group>"; };
		D253344120C3078F008176B9 /* PINCache.framework */ = {isa = PBXFileReference; lastKnownFileType = wrapper.framework; name = PINCache.framework; path = Carthage/Build/iOS/PINCache.framework; sourceTree = "<group>"; };
		D253344320C30A60008176B9 /* PINOperation.framework */ = {isa = PBXFileReference; lastKnownFileType = wrapper.framework; name = PINOperation.framework; path = Carthage/Build/iOS/PINOperation.framework; sourceTree = "<group>"; };
		D2562FB020CDD3080072F750 /* FinesViewController.swift */ = {isa = PBXFileReference; lastKnownFileType = sourcecode.swift; path = FinesViewController.swift; sourceTree = "<group>"; };
		D2562FB220CDE9CE0072F750 /* UIViewController+.swift */ = {isa = PBXFileReference; lastKnownFileType = sourcecode.swift; path = "UIViewController+.swift"; sourceTree = "<group>"; };
		D256656220E1B4DD0001F40F /* Results.storyboard */ = {isa = PBXFileReference; fileEncoding = 4; lastKnownFileType = file.storyboard; path = Results.storyboard; sourceTree = "<group>"; };
		D256656520E1B56F0001F40F /* ResultsViewController.swift */ = {isa = PBXFileReference; lastKnownFileType = sourcecode.swift; path = ResultsViewController.swift; sourceTree = "<group>"; };
		D260755720E0860300795124 /* Organization.swift */ = {isa = PBXFileReference; lastKnownFileType = sourcecode.swift; path = Organization.swift; sourceTree = "<group>"; };
		D260755A20E144E000795124 /* SearchFormat.swift */ = {isa = PBXFileReference; lastKnownFileType = sourcecode.swift; path = SearchFormat.swift; sourceTree = "<group>"; };
		D260755D20E165D200795124 /* FormatTests.swift */ = {isa = PBXFileReference; lastKnownFileType = sourcecode.swift; path = FormatTests.swift; sourceTree = "<group>"; };
		D26A146920B2029900DDA97C /* Gateway.swift */ = {isa = PBXFileReference; lastKnownFileType = sourcecode.swift; path = Gateway.swift; sourceTree = "<group>"; };
		D270C4082091FCAA00D27159 /* IDLParser.swift */ = {isa = PBXFileReference; lastKnownFileType = sourcecode.swift; path = IDLParser.swift; sourceTree = "<group>"; };
		D279910A20DDD473003B451E /* Hemlock.app */ = {isa = PBXFileReference; explicitFileType = wrapper.application; includeInIndex = 0; path = Hemlock.app; sourceTree = BUILT_PRODUCTS_DIR; };
		D279910B20DDD473003B451E /* Info.plist */ = {isa = PBXFileReference; lastKnownFileType = text.plist.xml; path = Info.plist; sourceTree = "<group>"; };
		D279910E20DDD760003B451E /* Hemlock.xcassets */ = {isa = PBXFileReference; lastKnownFileType = folder.assetcatalog; path = Hemlock.xcassets; sourceTree = "<group>"; };
		D279911020DDD77F003B451E /* PINES.xcassets */ = {isa = PBXFileReference; lastKnownFileType = folder.assetcatalog; path = PINES.xcassets; sourceTree = "<group>"; };
		D279911720DDE11E003B451E /* AppSettings.swift */ = {isa = PBXFileReference; fileEncoding = 4; lastKnownFileType = sourcecode.swift; path = AppSettings.swift; sourceTree = "<group>"; };
		D279911920DDE160003B451E /* AppSettings.swift */ = {isa = PBXFileReference; fileEncoding = 4; lastKnownFileType = sourcecode.swift; path = AppSettings.swift; sourceTree = "<group>"; };
		D279919220DEC7C0003B451E /* McPicker_iOS.framework */ = {isa = PBXFileReference; lastKnownFileType = wrapper.framework; name = McPicker_iOS.framework; path = Carthage/Build/iOS/McPicker_iOS.framework; sourceTree = "<group>"; };
		D279920420DEEA27003B451E /* McPicker.swift */ = {isa = PBXFileReference; fileEncoding = 4; lastKnownFileType = sourcecode.swift; path = McPicker.swift; sourceTree = "<group>"; };
		D279920520DEEA27003B451E /* McPickerBarButtonItem.swift */ = {isa = PBXFileReference; fileEncoding = 4; lastKnownFileType = sourcecode.swift; path = McPickerBarButtonItem.swift; sourceTree = "<group>"; };
		D279920620DEEA27003B451E /* McPickerPopoverViewController.swift */ = {isa = PBXFileReference; fileEncoding = 4; lastKnownFileType = sourcecode.swift; path = McPickerPopoverViewController.swift; sourceTree = "<group>"; };
		D279920720DEEA27003B451E /* McTextField.swift */ = {isa = PBXFileReference; fileEncoding = 4; lastKnownFileType = sourcecode.swift; path = McTextField.swift; sourceTree = "<group>"; };
		D279920820DEEA27003B451E /* LICENSE */ = {isa = PBXFileReference; fileEncoding = 4; lastKnownFileType = text; path = LICENSE; sourceTree = "<group>"; };
		D27EFD5A2094E1EB00D7E22E /* README.md */ = {isa = PBXFileReference; lastKnownFileType = net.daringfireball.markdown; path = README.md; sourceTree = SOURCE_ROOT; };
		D27EFD5B2094E46400D7E22E /* Documentation */ = {isa = PBXFileReference; lastKnownFileType = folder; path = Documentation; sourceTree = "<group>"; };
		D287D4F8207AEF2B001AF644 /* PINES.app */ = {isa = PBXFileReference; explicitFileType = wrapper.application; includeInIndex = 0; path = PINES.app; sourceTree = BUILT_PRODUCTS_DIR; };
		D287D4FB207AEF2B001AF644 /* AppDelegate.swift */ = {isa = PBXFileReference; lastKnownFileType = sourcecode.swift; path = AppDelegate.swift; sourceTree = "<group>"; };
		D287D4FD207AEF2B001AF644 /* LoginViewController.swift */ = {isa = PBXFileReference; lastKnownFileType = sourcecode.swift; path = LoginViewController.swift; sourceTree = "<group>"; };
		D287D500207AEF2B001AF644 /* Base */ = {isa = PBXFileReference; lastKnownFileType = file.storyboard; name = Base; path = Base.lproj/Main.storyboard; sourceTree = "<group>"; };
		D287D505207AEF2C001AF644 /* Base */ = {isa = PBXFileReference; lastKnownFileType = file.storyboard; name = Base; path = Base.lproj/LaunchScreen.storyboard; sourceTree = "<group>"; };
		D287D507207AEF2C001AF644 /* Info.plist */ = {isa = PBXFileReference; lastKnownFileType = text.plist.xml; path = Info.plist; sourceTree = "<group>"; };
		D287D50C207AEF2D001AF644 /* HemlockTests.xctest */ = {isa = PBXFileReference; explicitFileType = wrapper.cfbundle; includeInIndex = 0; path = HemlockTests.xctest; sourceTree = BUILT_PRODUCTS_DIR; };
		D287D512207AEF2D001AF644 /* Info.plist */ = {isa = PBXFileReference; lastKnownFileType = text.plist.xml; path = Info.plist; sourceTree = "<group>"; };
		D287D51B207AEF3D001AF644 /* Account.swift */ = {isa = PBXFileReference; lastKnownFileType = sourcecode.swift; path = Account.swift; sourceTree = "<group>"; };
		D287D51D207AEF54001AF644 /* AccountTests.swift */ = {isa = PBXFileReference; lastKnownFileType = sourcecode.swift; path = AccountTests.swift; sourceTree = "<group>"; };
		D287D51F207AF88E001AF644 /* API.swift */ = {isa = PBXFileReference; lastKnownFileType = sourcecode.swift; path = API.swift; sourceTree = "<group>"; };
		D29C720D209245E200E90952 /* TestUserData */ = {isa = PBXFileReference; lastKnownFileType = folder; path = TestUserData; sourceTree = SOURCE_ROOT; };
		D29C720F209248F500E90952 /* OSRFCoder.swift */ = {isa = PBXFileReference; lastKnownFileType = sourcecode.swift; path = OSRFCoder.swift; sourceTree = "<group>"; };
		D29C721120924CF000E90952 /* OSRFCoderTests.swift */ = {isa = PBXFileReference; lastKnownFileType = sourcecode.swift; path = OSRFCoderTests.swift; sourceTree = "<group>"; };
		D29C72132092691A00E90952 /* OSRFClass.swift */ = {isa = PBXFileReference; lastKnownFileType = sourcecode.swift; path = OSRFClass.swift; sourceTree = "<group>"; };
		D29C72152093A2C000E90952 /* OSRFObject.swift */ = {isa = PBXFileReference; lastKnownFileType = sourcecode.swift; path = OSRFObject.swift; sourceTree = "<group>"; };
		D29C72172094002100E90952 /* OSRFObjectTests.swift */ = {isa = PBXFileReference; lastKnownFileType = sourcecode.swift; path = OSRFObjectTests.swift; sourceTree = "<group>"; };
		D29E87FC20D831540003EB27 /* SearchViewController.swift */ = {isa = PBXFileReference; lastKnownFileType = sourcecode.swift; path = SearchViewController.swift; sourceTree = "<group>"; };
		D2D49BFE20A91328000B3A27 /* LiveServiceTests.swift */ = {isa = PBXFileReference; fileEncoding = 4; lastKnownFileType = sourcecode.swift; path = LiveServiceTests.swift; sourceTree = "<group>"; };
		D2DF196520CEEE1200085255 /* FineRecord.swift */ = {isa = PBXFileReference; lastKnownFileType = sourcecode.swift; path = FineRecord.swift; sourceTree = "<group>"; };
		D2DF196720CEF68700085255 /* Analytics.swift */ = {isa = PBXFileReference; lastKnownFileType = sourcecode.swift; path = Analytics.swift; sourceTree = "<group>"; };
		FA273D0420D884D8009B152F /* FinesTableViewCell.swift */ = {isa = PBXFileReference; lastKnownFileType = sourcecode.swift; path = FinesTableViewCell.swift; sourceTree = "<group>"; };
		FA64C95F20E04D34009973E5 /* MBRecord.swift */ = {isa = PBXFileReference; lastKnownFileType = sourcecode.swift; path = MBRecord.swift; sourceTree = "<group>"; };
		FACD141C20CDACFF008F02D3 /* Fines.storyboard */ = {isa = PBXFileReference; fileEncoding = 4; lastKnownFileType = file.storyboard; name = Fines.storyboard; path = Source/Scenes/Fines/Fines.storyboard; sourceTree = SOURCE_ROOT; };
		FACD142020CDB01C008F02D3 /* Holds.storyboard */ = {isa = PBXFileReference; fileEncoding = 4; lastKnownFileType = file.storyboard; path = Holds.storyboard; sourceTree = "<group>"; };
		FACD142320CDBED6008F02D3 /* MyLists.storyboard */ = {isa = PBXFileReference; fileEncoding = 4; lastKnownFileType = file.storyboard; path = MyLists.storyboard; sourceTree = "<group>"; };
		FACD142620CDC0DF008F02D3 /* Search.storyboard */ = {isa = PBXFileReference; fileEncoding = 4; lastKnownFileType = file.storyboard; path = Search.storyboard; sourceTree = "<group>"; };
/* End PBXFileReference section */

/* Begin PBXFrameworksBuildPhase section */
		D27990F120DDD473003B451E /* Frameworks */ = {
			isa = PBXFrameworksBuildPhase;
			buildActionMask = 2147483647;
			files = (
				D27990F220DDD473003B451E /* Valet.framework in Frameworks */,
				D27990F320DDD473003B451E /* PINOperation.framework in Frameworks */,
				D27990F420DDD473003B451E /* Alamofire.framework in Frameworks */,
				D27990F520DDD473003B451E /* AsyncDisplayKit.framework in Frameworks */,
				D27990F620DDD473003B451E /* PINRemoteImage.framework in Frameworks */,
				D27990F720DDD473003B451E /* PINCache.framework in Frameworks */,
				D27990F820DDD473003B451E /* PromiseKit.framework in Frameworks */,
				D27990F920DDD473003B451E /* PMKAlamofire.framework in Frameworks */,
			);
			runOnlyForDeploymentPostprocessing = 0;
		};
		D287D4F5207AEF2B001AF644 /* Frameworks */ = {
			isa = PBXFrameworksBuildPhase;
			buildActionMask = 2147483647;
			files = (
				D2211B0620D0BA840043947B /* Valet.framework in Frameworks */,
				D253344420C30A60008176B9 /* PINOperation.framework in Frameworks */,
				D231B5292081628900478D25 /* Alamofire.framework in Frameworks */,
				D253343E20C3076D008176B9 /* AsyncDisplayKit.framework in Frameworks */,
				D253344020C30789008176B9 /* PINRemoteImage.framework in Frameworks */,
				D253344220C3078F008176B9 /* PINCache.framework in Frameworks */,
				D212DB2A20C5C0D200267503 /* PromiseKit.framework in Frameworks */,
				D212DB2C20C5C0D500267503 /* PMKAlamofire.framework in Frameworks */,
			);
			runOnlyForDeploymentPostprocessing = 0;
		};
		D287D509207AEF2D001AF644 /* Frameworks */ = {
			isa = PBXFrameworksBuildPhase;
			buildActionMask = 2147483647;
			files = (
			);
			runOnlyForDeploymentPostprocessing = 0;
		};
/* End PBXFrameworksBuildPhase section */

/* Begin PBXGroup section */
		D20D14D220B784E3008F66B0 /* Storyboards */ = {
			isa = PBXGroup;
			children = (
				D287D504207AEF2C001AF644 /* LaunchScreen.storyboard */,
				D287D4FF207AEF2B001AF644 /* Main.storyboard */,
			);
			path = Storyboards;
			sourceTree = "<group>";
		};
		D212DB1020C3717200267503 /* Models */ = {
			isa = PBXGroup;
			children = (
				D20D14D020B783C1008F66B0 /* CircRecord.swift */,
				FA64C95F20E04D34009973E5 /* MBRecord.swift */,
				D2DF196520CEEE1200085255 /* FineRecord.swift */,
				D22438AD20D35CC000D098D0 /* HoldRecord.swift */,
			);
			path = Models;
			sourceTree = "<group>";
		};
		D212DB1120C3726F00267503 /* Scenes */ = {
			isa = PBXGroup;
			children = (
				D212DB1220C3731C00267503 /* Checkouts */,
				D21F683520D803F900D953C1 /* Details */,
				FACD141920CDA97E008F02D3 /* Fines */,
				FACD141F20CDAFFD008F02D3 /* Holds */,
				D212DB1620C37B2600267503 /* Login */,
				D212DB1520C37B0600267503 /* Main */,
				FACD142220CDBEBA008F02D3 /* MyLists */,
				FACD142520CDC0C9008F02D3 /* Search */,
			);
			path = Scenes;
			sourceTree = "<group>";
		};
		D212DB1220C3731C00267503 /* Checkouts */ = {
			isa = PBXGroup;
			children = (
				D2211B0320CF68590043947B /* Checkouts.storyboard */,
				D20D14D520B78CD8008F66B0 /* CheckoutsTableViewCell.swift */,
				D20D14CE20B7804C008F66B0 /* CheckoutsViewController.swift */,
				D212DB0E20C3616A00267503 /* XCheckoutsViewController.swift */,
				D212DB1320C3734100267503 /* XCheckoutsTableNode.swift */,
			);
			path = Checkouts;
			sourceTree = "<group>";
		};
		D212DB1520C37B0600267503 /* Main */ = {
			isa = PBXGroup;
			children = (
				D246990520AA5C620006DFF9 /* MainTableViewCell.swift */,
				D246990320A9D80E0006DFF9 /* MainViewController.swift */,
			);
			path = Main;
			sourceTree = "<group>";
		};
		D212DB1620C37B2600267503 /* Login */ = {
			isa = PBXGroup;
			children = (
				D287D4FD207AEF2B001AF644 /* LoginViewController.swift */,
			);
			path = Login;
			sourceTree = "<group>";
		};
		D21F683520D803F900D953C1 /* Details */ = {
			isa = PBXGroup;
			children = (
				D21F683620D8042800D953C1 /* Details.storyboard */,
				D21F683820D804DD00D953C1 /* DetailsViewController.swift */,
			);
			path = Details;
			sourceTree = "<group>";
		};
		D22D026E2084F52300DC1F5B /* Utils */ = {
			isa = PBXGroup;
			children = (
				D22D026F2084F53E00DC1F5B /* MD5.swift */,
				D253343B20C23305008176B9 /* Theme.swift */,
				D2318BD720CC44FA00A027EE /* HemlockError.swift */,
				D2216B7820CCA724005D06B1 /* Error+description.swift */,
				D2562FB220CDE9CE0072F750 /* UIViewController+.swift */,
				D2DF196720CEF68700085255 /* Analytics.swift */,
			);
			path = Utils;
			sourceTree = "<group>";
		};
		D22D0271208506A700DC1F5B /* Utils */ = {
			isa = PBXGroup;
			children = (
				D22D0272208506C500DC1F5B /* MD5Tests.swift */,
			);
			path = Utils;
			sourceTree = "<group>";
		};
		D22D027620857DFE00DC1F5B /* Evergreen */ = {
			isa = PBXGroup;
			children = (
				D287D51B207AEF3D001AF644 /* Account.swift */,
				D287D51F207AF88E001AF644 /* API.swift */,
				D22D02662083E45700DC1F5B /* Corsortium.swift */,
				D26A146920B2029900DDA97C /* Gateway.swift */,
				D212DB2F20C8CEFA00267503 /* Gateway+PMK.swift */,
				D22D027720857E4C00DC1F5B /* GatewayResponse.swift */,
				D270C4082091FCAA00D27159 /* IDLParser.swift */,
				D231B52B2083C08000478D25 /* Library.swift */,
				D22D02642083DE9100DC1F5B /* LoginController.swift */,
				D29C72132092691A00E90952 /* OSRFClass.swift */,
				D29C720F209248F500E90952 /* OSRFCoder.swift */,
				D29C72152093A2C000E90952 /* OSRFObject.swift */,
				D260755720E0860300795124 /* Organization.swift */,
				D260755A20E144E000795124 /* SearchFormat.swift */,
			);
			path = Evergreen;
			sourceTree = "<group>";
		};
		D22D027B208588A100DC1F5B /* Evergreen */ = {
			isa = PBXGroup;
			children = (
				D287D51D207AEF54001AF644 /* AccountTests.swift */,
				D22D02682083EA7600DC1F5B /* GatewayTests.swift */,
				D22D02792085889A00DC1F5B /* GatewayResponseTests.swift */,
				D2385E2B2091400D00FE0C89 /* IDLParserTests.swift */,
				D231B52D2083C1E500478D25 /* LibraryTests.swift */,
				D2D49BFE20A91328000B3A27 /* LiveServiceTests.swift */,
				D29C721120924CF000E90952 /* OSRFCoderTests.swift */,
				D29C72172094002100E90952 /* OSRFObjectTests.swift */,
				D260755D20E165D200795124 /* FormatTests.swift */,
			);
			path = Evergreen;
			sourceTree = "<group>";
		};
		D231B52520815EAC00478D25 /* Frameworks */ = {
			isa = PBXGroup;
			children = (
				D279919220DEC7C0003B451E /* McPicker_iOS.framework */,
				D2211B0520D0BA840043947B /* Valet.framework */,
				D253344320C30A60008176B9 /* PINOperation.framework */,
				D253344120C3078F008176B9 /* PINCache.framework */,
				D253343F20C30789008176B9 /* PINRemoteImage.framework */,
				D253343D20C3076D008176B9 /* AsyncDisplayKit.framework */,
				D212DB2B20C5C0D500267503 /* PMKAlamofire.framework */,
				D212DB2920C5C0D200267503 /* PromiseKit.framework */,
				D231B5282081628900478D25 /* Alamofire.framework */,
			);
			name = Frameworks;
			sourceTree = "<group>";
		};
		D279911220DDDC8C003B451E /* hemlock_app */ = {
			isa = PBXGroup;
			children = (
				D279911720DDE11E003B451E /* AppSettings.swift */,
				D279910E20DDD760003B451E /* Hemlock.xcassets */,
				D279910B20DDD473003B451E /* Info.plist */,
			);
			path = hemlock_app;
			sourceTree = "<group>";
		};
		D279920020DEEA27003B451E /* thirdparty */ = {
			isa = PBXGroup;
			children = (
				D279920120DEEA27003B451E /* McPicker */,
			);
			path = thirdparty;
			sourceTree = "<group>";
		};
		D279920120DEEA27003B451E /* McPicker */ = {
			isa = PBXGroup;
			children = (
				D279920220DEEA27003B451E /* Classes */,
				D279920820DEEA27003B451E /* LICENSE */,
			);
			path = McPicker;
			sourceTree = "<group>";
		};
		D279920220DEEA27003B451E /* Classes */ = {
			isa = PBXGroup;
			children = (
				D279920420DEEA27003B451E /* McPicker.swift */,
				D279920520DEEA27003B451E /* McPickerBarButtonItem.swift */,
				D279920620DEEA27003B451E /* McPickerPopoverViewController.swift */,
				D279920720DEEA27003B451E /* McTextField.swift */,
			);
			path = Classes;
			sourceTree = "<group>";
		};
		D287D4EF207AEF2B001AF644 = {
			isa = PBXGroup;
			children = (
				D22D0274208516D600DC1F5B /* LICENSE */,
				D27EFD5A2094E1EB00D7E22E /* README.md */,
				D27EFD5B2094E46400D7E22E /* Documentation */,
				D287D4FA207AEF2B001AF644 /* Source */,
				D287D50F207AEF2D001AF644 /* Tests */,
				D287D4F9207AEF2B001AF644 /* Products */,
				D231B52520815EAC00478D25 /* Frameworks */,
				D22D02612083CDF700DC1F5B /* Hemlock-Bridging-Header.h */,
			);
			sourceTree = "<group>";
		};
		D287D4F9207AEF2B001AF644 /* Products */ = {
			isa = PBXGroup;
			children = (
				D287D4F8207AEF2B001AF644 /* PINES.app */,
				D287D50C207AEF2D001AF644 /* HemlockTests.xctest */,
				D279910A20DDD473003B451E /* Hemlock.app */,
			);
			name = Products;
			sourceTree = "<group>";
		};
		D287D4FA207AEF2B001AF644 /* Source */ = {
			isa = PBXGroup;
			children = (
				D279920020DEEA27003B451E /* thirdparty */,
				D22D027620857DFE00DC1F5B /* Evergreen */,
				D212DB1020C3717200267503 /* Models */,
				D279911220DDDC8C003B451E /* hemlock_app */,
				D2D49BFB20A90CA9000B3A27 /* pines_app */,
				D212DB1120C3726F00267503 /* Scenes */,
				D20D14D220B784E3008F66B0 /* Storyboards */,
				D22D026E2084F52300DC1F5B /* Utils */,
				D228FB6420D33402001A7E31 /* App.swift */,
				D287D4FB207AEF2B001AF644 /* AppDelegate.swift */,
			);
			path = Source;
			sourceTree = "<group>";
		};
		D287D50F207AEF2D001AF644 /* Tests */ = {
			isa = PBXGroup;
			children = (
				D29C720D209245E200E90952 /* TestUserData */,
				D2385E2D20914E6B00FE0C89 /* TestData */,
				D22D027B208588A100DC1F5B /* Evergreen */,
				D22D0271208506A700DC1F5B /* Utils */,
				D231B52120804DF900478D25 /* AlamoTests.swift */,
				D212DB2720C5B90A00267503 /* PromiseKitTests.swift */,
				D287D512207AEF2D001AF644 /* Info.plist */,
				D20EE9D72094BC9100AF261D /* MiscTests.swift */,
			);
			path = Tests;
			sourceTree = "<group>";
		};
		D2D49BFB20A90CA9000B3A27 /* pines_app */ = {
			isa = PBXGroup;
			children = (
				D279911920DDE160003B451E /* AppSettings.swift */,
				D279911020DDD77F003B451E /* PINES.xcassets */,
				D287D507207AEF2C001AF644 /* Info.plist */,
			);
			path = pines_app;
			sourceTree = "<group>";
		};
		FACD141920CDA97E008F02D3 /* Fines */ = {
			isa = PBXGroup;
			children = (
				FACD141C20CDACFF008F02D3 /* Fines.storyboard */,
				D2562FB020CDD3080072F750 /* FinesViewController.swift */,
				FA273D0420D884D8009B152F /* FinesTableViewCell.swift */,
			);
			path = Fines;
			sourceTree = "<group>";
		};
		FACD141F20CDAFFD008F02D3 /* Holds */ = {
			isa = PBXGroup;
			children = (
				FACD142020CDB01C008F02D3 /* Holds.storyboard */,
				D22438AB20D357E900D098D0 /* HoldsViewController.swift */,
			);
			path = Holds;
			sourceTree = "<group>";
		};
		FACD142220CDBEBA008F02D3 /* MyLists */ = {
			isa = PBXGroup;
			children = (
				FACD142320CDBED6008F02D3 /* MyLists.storyboard */,
			);
			path = MyLists;
			sourceTree = "<group>";
		};
		FACD142520CDC0C9008F02D3 /* Search */ = {
			isa = PBXGroup;
			children = (
				FACD142620CDC0DF008F02D3 /* Search.storyboard */,
				D256656220E1B4DD0001F40F /* Results.storyboard */,
				D29E87FC20D831540003EB27 /* SearchViewController.swift */,
				D256656520E1B56F0001F40F /* ResultsViewController.swift */,
			);
			path = Search;
			sourceTree = "<group>";
		};
/* End PBXGroup section */

/* Begin PBXNativeTarget section */
		D27990CA20DDD473003B451E /* Hemlock */ = {
			isa = PBXNativeTarget;
			buildConfigurationList = D279910720DDD473003B451E /* Build configuration list for PBXNativeTarget "Hemlock" */;
			buildPhases = (
				D27990CB20DDD473003B451E /* Sources */,
				D27990F120DDD473003B451E /* Frameworks */,
				D27990FA20DDD473003B451E /* Resources */,
				D279910620DDD473003B451E /* ShellScript */,
			);
			buildRules = (
			);
			dependencies = (
			);
			name = Hemlock;
			productName = Hemlock;
			productReference = D279910A20DDD473003B451E /* Hemlock.app */;
			productType = "com.apple.product-type.application";
		};
		D287D4F7207AEF2B001AF644 /* PINES */ = {
			isa = PBXNativeTarget;
			buildConfigurationList = D287D515207AEF2D001AF644 /* Build configuration list for PBXNativeTarget "PINES" */;
			buildPhases = (
				D287D4F4207AEF2B001AF644 /* Sources */,
				D287D4F5207AEF2B001AF644 /* Frameworks */,
				D287D4F6207AEF2B001AF644 /* Resources */,
				D231B52A208162F100478D25 /* ShellScript */,
			);
			buildRules = (
			);
			dependencies = (
			);
			name = PINES;
			productName = Hemlock;
			productReference = D287D4F8207AEF2B001AF644 /* PINES.app */;
			productType = "com.apple.product-type.application";
		};
		D287D50B207AEF2D001AF644 /* HemlockTests */ = {
			isa = PBXNativeTarget;
			buildConfigurationList = D287D518207AEF2D001AF644 /* Build configuration list for PBXNativeTarget "HemlockTests" */;
			buildPhases = (
				D287D508207AEF2D001AF644 /* Sources */,
				D287D509207AEF2D001AF644 /* Frameworks */,
				D287D50A207AEF2D001AF644 /* Resources */,
			);
			buildRules = (
			);
			dependencies = (
				D287D50E207AEF2D001AF644 /* PBXTargetDependency */,
				D279911620DDE0AF003B451E /* PBXTargetDependency */,
			);
			name = HemlockTests;
			productName = HemlockTests;
			productReference = D287D50C207AEF2D001AF644 /* HemlockTests.xctest */;
			productType = "com.apple.product-type.bundle.unit-test";
		};
/* End PBXNativeTarget section */

/* Begin PBXProject section */
		D287D4F0207AEF2B001AF644 /* Project object */ = {
			isa = PBXProject;
			attributes = {
				LastSwiftUpdateCheck = 0930;
				LastUpgradeCheck = 0930;
				ORGANIZATIONNAME = "Ken Cox";
				TargetAttributes = {
					D287D4F7207AEF2B001AF644 = {
						CreatedOnToolsVersion = 9.3;
						LastSwiftMigration = 0930;
					};
					D287D50B207AEF2D001AF644 = {
						CreatedOnToolsVersion = 9.3;
						TestTargetID = D27990CA20DDD473003B451E;
					};
				};
			};
			buildConfigurationList = D287D4F3207AEF2B001AF644 /* Build configuration list for PBXProject "Hemlock" */;
			compatibilityVersion = "Xcode 9.3";
			developmentRegion = en;
			hasScannedForEncodings = 0;
			knownRegions = (
				en,
				Base,
			);
			mainGroup = D287D4EF207AEF2B001AF644;
			productRefGroup = D287D4F9207AEF2B001AF644 /* Products */;
			projectDirPath = "";
			projectRoot = "";
			targets = (
				D27990CA20DDD473003B451E /* Hemlock */,
				D287D4F7207AEF2B001AF644 /* PINES */,
				D287D50B207AEF2D001AF644 /* HemlockTests */,
			);
		};
/* End PBXProject section */

/* Begin PBXResourcesBuildPhase section */
		D27990FA20DDD473003B451E /* Resources */ = {
			isa = PBXResourcesBuildPhase;
			buildActionMask = 2147483647;
			files = (
				D27990FB20DDD473003B451E /* LaunchScreen.storyboard in Resources */,
				D27990FD20DDD473003B451E /* Checkouts.storyboard in Resources */,
				D27990FF20DDD473003B451E /* Details.storyboard in Resources */,
				D279910020DDD473003B451E /* Holds.storyboard in Resources */,
				D279910120DDD473003B451E /* Search.storyboard in Resources */,
				D279910F20DDD760003B451E /* Hemlock.xcassets in Resources */,
				D279910220DDD473003B451E /* Documentation in Resources */,
				D279910320DDD473003B451E /* Fines.storyboard in Resources */,
				D279910420DDD473003B451E /* MyLists.storyboard in Resources */,
				D279910520DDD473003B451E /* Main.storyboard in Resources */,
				D256656320E1B4DD0001F40F /* Results.storyboard in Resources */,
			);
			runOnlyForDeploymentPostprocessing = 0;
		};
		D287D4F6207AEF2B001AF644 /* Resources */ = {
			isa = PBXResourcesBuildPhase;
			buildActionMask = 2147483647;
			files = (
				D287D506207AEF2C001AF644 /* LaunchScreen.storyboard in Resources */,
				D2211B0420CF68590043947B /* Checkouts.storyboard in Resources */,
				D21F683720D8042800D953C1 /* Details.storyboard in Resources */,
				FACD142120CDB01C008F02D3 /* Holds.storyboard in Resources */,
				D279911120DDD77F003B451E /* PINES.xcassets in Resources */,
				FACD142720CDC0DF008F02D3 /* Search.storyboard in Resources */,
				D27EFD5C2094E46400D7E22E /* Documentation in Resources */,
				FACD141D20CDACFF008F02D3 /* Fines.storyboard in Resources */,
				FACD142420CDBED6008F02D3 /* MyLists.storyboard in Resources */,
				D287D501207AEF2B001AF644 /* Main.storyboard in Resources */,
				D256656420E1B4DD0001F40F /* Results.storyboard in Resources */,
			);
			runOnlyForDeploymentPostprocessing = 0;
		};
		D287D50A207AEF2D001AF644 /* Resources */ = {
			isa = PBXResourcesBuildPhase;
			buildActionMask = 2147483647;
			files = (
				D2385E2E20914E6C00FE0C89 /* TestData in Resources */,
				D29C720E209245E200E90952 /* TestUserData in Resources */,
			);
			runOnlyForDeploymentPostprocessing = 0;
		};
/* End PBXResourcesBuildPhase section */

/* Begin PBXShellScriptBuildPhase section */
		D231B52A208162F100478D25 /* ShellScript */ = {
			isa = PBXShellScriptBuildPhase;
			buildActionMask = 2147483647;
			files = (
			);
			inputPaths = (
				"$(SRCROOT)/Carthage/Build/iOS/Alamofire.framework",
				"$(SRCROOT)/Carthage/Build/iOS/AsyncDisplayKit.framework",
				"$(SRCROOT)/Carthage/Build/iOS/PINRemoteImage.framework",
				"$(SRCROOT)/Carthage/Build/iOS/PINCache.framework",
				"$(SRCROOT)/Carthage/Build/iOS/PINOperation.framework",
				"$(SRCROOT)/Carthage/Build/iOS/PromiseKit.framework",
				"$(SRCROOT)/Carthage/Build/iOS/PMKAlamofire.framework",
				"$(SRCROOT)/Carthage/Build/iOS/Valet.framework",
			);
			outputPaths = (
				"$(BUILT_PRODUCTS_DIR)/$(FRAMEWORKS_FOLDER_PATH)/Alamofire.framework",
				"$(BUILT_PRODUCTS_DIR)/$(FRAMEWORKS_FOLDER_PATH)/AsyncDisplayKit.framework",
				"$(BUILT_PRODUCTS_DIR)/$(FRAMEWORKS_FOLDER_PATH)/PINRemoteImage.framework",
				"$(BUILT_PRODUCTS_DIR)/$(FRAMEWORKS_FOLDER_PATH)/PINCache.framework",
				"$(BUILT_PRODUCTS_DIR)/$(FRAMEWORKS_FOLDER_PATH)/PINOperation.framework",
				"$(BUILT_PRODUCTS_DIR)/$(FRAMEWORKS_FOLDER_PATH)/PromiseKit.framework",
				"$(BUILT_PRODUCTS_DIR)/$(FRAMEWORKS_FOLDER_PATH)/PMKAlamofire.framework",
				"$(BUILT_PRODUCTS_DIR)/$(FRAMEWORKS_FOLDER_PATH)/Valet.framework",
			);
			runOnlyForDeploymentPostprocessing = 0;
			shellPath = /bin/sh;
			shellScript = "/usr/local/bin/carthage copy-frameworks";
		};
		D279910620DDD473003B451E /* ShellScript */ = {
			isa = PBXShellScriptBuildPhase;
			buildActionMask = 2147483647;
			files = (
			);
			inputPaths = (
				"$(SRCROOT)/Carthage/Build/iOS/Alamofire.framework",
				"$(SRCROOT)/Carthage/Build/iOS/AsyncDisplayKit.framework",
				"$(SRCROOT)/Carthage/Build/iOS/PINRemoteImage.framework",
				"$(SRCROOT)/Carthage/Build/iOS/PINCache.framework",
				"$(SRCROOT)/Carthage/Build/iOS/PINOperation.framework",
				"$(SRCROOT)/Carthage/Build/iOS/PromiseKit.framework",
				"$(SRCROOT)/Carthage/Build/iOS/PMKAlamofire.framework",
				"$(SRCROOT)/Carthage/Build/iOS/Valet.framework",
			);
			outputPaths = (
				"$(BUILT_PRODUCTS_DIR)/$(FRAMEWORKS_FOLDER_PATH)/Alamofire.framework",
				"$(BUILT_PRODUCTS_DIR)/$(FRAMEWORKS_FOLDER_PATH)/AsyncDisplayKit.framework",
				"$(BUILT_PRODUCTS_DIR)/$(FRAMEWORKS_FOLDER_PATH)/PINRemoteImage.framework",
				"$(BUILT_PRODUCTS_DIR)/$(FRAMEWORKS_FOLDER_PATH)/PINCache.framework",
				"$(BUILT_PRODUCTS_DIR)/$(FRAMEWORKS_FOLDER_PATH)/PINOperation.framework",
				"$(BUILT_PRODUCTS_DIR)/$(FRAMEWORKS_FOLDER_PATH)/PromiseKit.framework",
				"$(BUILT_PRODUCTS_DIR)/$(FRAMEWORKS_FOLDER_PATH)/PMKAlamofire.framework",
				"$(BUILT_PRODUCTS_DIR)/$(FRAMEWORKS_FOLDER_PATH)/Valet.framework",
			);
			runOnlyForDeploymentPostprocessing = 0;
			shellPath = /bin/sh;
			shellScript = "/usr/local/bin/carthage copy-frameworks";
		};
/* End PBXShellScriptBuildPhase section */

/* Begin PBXSourcesBuildPhase section */
		D27990CB20DDD473003B451E /* Sources */ = {
			isa = PBXSourcesBuildPhase;
			buildActionMask = 2147483647;
			files = (
				D27990CC20DDD473003B451E /* OSRFCoder.swift in Sources */,
				D27990CD20DDD473003B451E /* LoginViewController.swift in Sources */,
				D27990CE20DDD473003B451E /* XCheckoutsTableNode.swift in Sources */,
				D27990CF20DDD473003B451E /* OSRFObject.swift in Sources */,
				D260755820E0860300795124 /* Organization.swift in Sources */,
				D27990D020DDD473003B451E /* MainTableViewCell.swift in Sources */,
				D27990D120DDD473003B451E /* HoldRecord.swift in Sources */,
				D279920F20DEEA27003B451E /* McPickerPopoverViewController.swift in Sources */,
				D279920D20DEEA27003B451E /* McPickerBarButtonItem.swift in Sources */,
				D256656620E1B56F0001F40F /* ResultsViewController.swift in Sources */,
				D27990D220DDD473003B451E /* FinesViewController.swift in Sources */,
				D27990D320DDD473003B451E /* API.swift in Sources */,
				D27990D520DDD473003B451E /* DetailsViewController.swift in Sources */,
				D279920B20DEEA27003B451E /* McPicker.swift in Sources */,
				D27990D620DDD473003B451E /* Corsortium.swift in Sources */,
				D27990D720DDD473003B451E /* App.swift in Sources */,
				D27990D820DDD473003B451E /* Library.swift in Sources */,
				D27990D920DDD473003B451E /* GatewayResponse.swift in Sources */,
				D279921120DEEA27003B451E /* McTextField.swift in Sources */,
				D27990DA20DDD473003B451E /* HemlockError.swift in Sources */,
				D27990DB20DDD473003B451E /* SearchViewController.swift in Sources */,
				D27990DC20DDD473003B451E /* HoldsViewController.swift in Sources */,
				D27990DD20DDD473003B451E /* CircRecord.swift in Sources */,
				D27990DE20DDD473003B451E /* CheckoutsViewController.swift in Sources */,
				D27990DF20DDD473003B451E /* Theme.swift in Sources */,
				D279911820DDE11E003B451E /* AppSettings.swift in Sources */,
				D27990E020DDD473003B451E /* Analytics.swift in Sources */,
				D27990E120DDD473003B451E /* MD5.swift in Sources */,
				D27990E220DDD473003B451E /* FinesTableViewCell.swift in Sources */,
				D27990E320DDD473003B451E /* IDLParser.swift in Sources */,
				D27990E420DDD473003B451E /* Gateway+PMK.swift in Sources */,
				FA64C96020E04D34009973E5 /* MBRecord.swift in Sources */,
				D27990E520DDD473003B451E /* Error+description.swift in Sources */,
				D27990E720DDD473003B451E /* OSRFClass.swift in Sources */,
				D27990E820DDD473003B451E /* FineRecord.swift in Sources */,
				D27990E920DDD473003B451E /* XCheckoutsViewController.swift in Sources */,
				D27990EA20DDD473003B451E /* AppDelegate.swift in Sources */,
				D260755B20E144E000795124 /* SearchFormat.swift in Sources */,
				D27990EB20DDD473003B451E /* Gateway.swift in Sources */,
				D27990EC20DDD473003B451E /* UIViewController+.swift in Sources */,
				D27990ED20DDD473003B451E /* CheckoutsTableViewCell.swift in Sources */,
				D27990EE20DDD473003B451E /* MainViewController.swift in Sources */,
				D27990EF20DDD473003B451E /* Account.swift in Sources */,
				D27990F020DDD473003B451E /* LoginController.swift in Sources */,
			);
			runOnlyForDeploymentPostprocessing = 0;
		};
		D287D4F4207AEF2B001AF644 /* Sources */ = {
			isa = PBXSourcesBuildPhase;
			buildActionMask = 2147483647;
			files = (
				D29C7210209248F500E90952 /* OSRFCoder.swift in Sources */,
				D287D4FE207AEF2B001AF644 /* LoginViewController.swift in Sources */,
				D212DB1420C3734100267503 /* XCheckoutsTableNode.swift in Sources */,
				D29C72162093A2C000E90952 /* OSRFObject.swift in Sources */,
				D260755920E0860300795124 /* Organization.swift in Sources */,
				D246990620AA5C620006DFF9 /* MainTableViewCell.swift in Sources */,
				D22438AE20D35CC000D098D0 /* HoldRecord.swift in Sources */,
				D279921020DEEA27003B451E /* McPickerPopoverViewController.swift in Sources */,
				D279920E20DEEA27003B451E /* McPickerBarButtonItem.swift in Sources */,
				D256656720E1B56F0001F40F /* ResultsViewController.swift in Sources */,
				D2562FB120CDD3080072F750 /* FinesViewController.swift in Sources */,
				D287D520207AF88E001AF644 /* API.swift in Sources */,
				D21F683920D804DD00D953C1 /* DetailsViewController.swift in Sources */,
				D279920C20DEEA27003B451E /* McPicker.swift in Sources */,
				D22D02672083E45700DC1F5B /* Corsortium.swift in Sources */,
				D228FB6520D33402001A7E31 /* App.swift in Sources */,
				D231B52C2083C08000478D25 /* Library.swift in Sources */,
				D22D027820857E4C00DC1F5B /* GatewayResponse.swift in Sources */,
				D279921220DEEA27003B451E /* McTextField.swift in Sources */,
				D2318BD820CC44FA00A027EE /* HemlockError.swift in Sources */,
				D279911A20DDE160003B451E /* AppSettings.swift in Sources */,
				D29E87FD20D831540003EB27 /* SearchViewController.swift in Sources */,
				D22438AC20D357E900D098D0 /* HoldsViewController.swift in Sources */,
				D20D14D120B783C1008F66B0 /* CircRecord.swift in Sources */,
				D20D14CF20B7804C008F66B0 /* CheckoutsViewController.swift in Sources */,
				D253343C20C23305008176B9 /* Theme.swift in Sources */,
				D2DF196820CEF68700085255 /* Analytics.swift in Sources */,
				D22D02702084F53E00DC1F5B /* MD5.swift in Sources */,
				FA273D0520D884D8009B152F /* FinesTableViewCell.swift in Sources */,
				D270C4092091FCAA00D27159 /* IDLParser.swift in Sources */,
				D212DB3020C8CEFA00267503 /* Gateway+PMK.swift in Sources */,
				FA64C96120E04D34009973E5 /* MBRecord.swift in Sources */,
				D2216B7920CCA724005D06B1 /* Error+description.swift in Sources */,
				D29C72142092691A00E90952 /* OSRFClass.swift in Sources */,
				D2DF196620CEEE1200085255 /* FineRecord.swift in Sources */,
				D212DB0F20C3616A00267503 /* XCheckoutsViewController.swift in Sources */,
				D287D4FC207AEF2B001AF644 /* AppDelegate.swift in Sources */,
				D260755C20E144E000795124 /* SearchFormat.swift in Sources */,
				D26A146A20B2029900DDA97C /* Gateway.swift in Sources */,
				D2562FB320CDE9CE0072F750 /* UIViewController+.swift in Sources */,
				D20D14D620B78CD8008F66B0 /* CheckoutsTableViewCell.swift in Sources */,
				D246990420A9D80E0006DFF9 /* MainViewController.swift in Sources */,
				D287D51C207AEF3D001AF644 /* Account.swift in Sources */,
				D22D02652083DE9100DC1F5B /* LoginController.swift in Sources */,
			);
			runOnlyForDeploymentPostprocessing = 0;
		};
		D287D508207AEF2D001AF644 /* Sources */ = {
			isa = PBXSourcesBuildPhase;
			buildActionMask = 2147483647;
			files = (
				D231B52E2083C1E500478D25 /* LibraryTests.swift in Sources */,
				D2385E2C2091400D00FE0C89 /* IDLParserTests.swift in Sources */,
				D29C72182094002100E90952 /* OSRFObjectTests.swift in Sources */,
				D231B52220804DF900478D25 /* AlamoTests.swift in Sources */,
				D22D027A2085889A00DC1F5B /* GatewayResponseTests.swift in Sources */,
				D287D51E207AEF54001AF644 /* AccountTests.swift in Sources */,
				D212DB2820C5B90A00267503 /* PromiseKitTests.swift in Sources */,
				D22D0273208506C500DC1F5B /* MD5Tests.swift in Sources */,
				D2D49BFF20A91328000B3A27 /* LiveServiceTests.swift in Sources */,
				D29C721220924CF000E90952 /* OSRFCoderTests.swift in Sources */,
				D20EE9D82094BC9100AF261D /* MiscTests.swift in Sources */,
				D22D02692083EA7600DC1F5B /* GatewayTests.swift in Sources */,
				D260755E20E165D200795124 /* FormatTests.swift in Sources */,
			);
			runOnlyForDeploymentPostprocessing = 0;
		};
/* End PBXSourcesBuildPhase section */

/* Begin PBXTargetDependency section */
		D279911620DDE0AF003B451E /* PBXTargetDependency */ = {
			isa = PBXTargetDependency;
			target = D27990CA20DDD473003B451E /* Hemlock */;
			targetProxy = D279911520DDE0AF003B451E /* PBXContainerItemProxy */;
		};
		D287D50E207AEF2D001AF644 /* PBXTargetDependency */ = {
			isa = PBXTargetDependency;
			target = D287D4F7207AEF2B001AF644 /* PINES */;
			targetProxy = D287D50D207AEF2D001AF644 /* PBXContainerItemProxy */;
		};
/* End PBXTargetDependency section */

/* Begin PBXVariantGroup section */
		D287D4FF207AEF2B001AF644 /* Main.storyboard */ = {
			isa = PBXVariantGroup;
			children = (
				D287D500207AEF2B001AF644 /* Base */,
			);
			name = Main.storyboard;
			sourceTree = "<group>";
		};
		D287D504207AEF2C001AF644 /* LaunchScreen.storyboard */ = {
			isa = PBXVariantGroup;
			children = (
				D287D505207AEF2C001AF644 /* Base */,
			);
			name = LaunchScreen.storyboard;
			sourceTree = "<group>";
		};
/* End PBXVariantGroup section */

/* Begin XCBuildConfiguration section */
		D279910820DDD473003B451E /* Debug */ = {
			isa = XCBuildConfiguration;
			buildSettings = {
				ASSETCATALOG_COMPILER_APPICON_NAME = AppIcon;
				CLANG_ENABLE_MODULES = YES;
				CODE_SIGN_STYLE = Automatic;
				DEVELOPMENT_TEAM = FCHUE4234N;
				FRAMEWORK_SEARCH_PATHS = (
					"$(inherited)",
					"$(PROJECT_DIR)/Carthage/Build/iOS",
				);
				INFOPLIST_FILE = "$(SRCROOT)/Source/hemlock_app/Info.plist";
				LD_RUNPATH_SEARCH_PATHS = (
					"$(inherited)",
					"@executable_path/Frameworks",
				);
				PRODUCT_BUNDLE_IDENTIFIER = net.kenstir.apps.hemlock;
				PRODUCT_NAME = "$(TARGET_NAME)";
				SWIFT_OBJC_BRIDGING_HEADER = "Hemlock-Bridging-Header.h";
				SWIFT_OPTIMIZATION_LEVEL = "-Onone";
				SWIFT_VERSION = 4.0;
				TARGETED_DEVICE_FAMILY = "1,2";
			};
			name = Debug;
		};
		D279910920DDD473003B451E /* Release */ = {
			isa = XCBuildConfiguration;
			buildSettings = {
				ASSETCATALOG_COMPILER_APPICON_NAME = AppIcon;
				CLANG_ENABLE_MODULES = YES;
				CODE_SIGN_STYLE = Automatic;
				DEVELOPMENT_TEAM = FCHUE4234N;
				FRAMEWORK_SEARCH_PATHS = (
					"$(inherited)",
					"$(PROJECT_DIR)/Carthage/Build/iOS",
				);
				INFOPLIST_FILE = "$(SRCROOT)/Source/hemlock_app/Info.plist";
				LD_RUNPATH_SEARCH_PATHS = (
					"$(inherited)",
					"@executable_path/Frameworks",
				);
				PRODUCT_BUNDLE_IDENTIFIER = net.kenstir.apps.hemlock;
				PRODUCT_NAME = "$(TARGET_NAME)";
				SWIFT_OBJC_BRIDGING_HEADER = "Hemlock-Bridging-Header.h";
				SWIFT_VERSION = 4.0;
				TARGETED_DEVICE_FAMILY = "1,2";
			};
			name = Release;
		};
		D287D513207AEF2D001AF644 /* Debug */ = {
			isa = XCBuildConfiguration;
			buildSettings = {
				ALWAYS_SEARCH_USER_PATHS = NO;
				CLANG_ANALYZER_NONNULL = YES;
				CLANG_ANALYZER_NUMBER_OBJECT_CONVERSION = YES_AGGRESSIVE;
				CLANG_CXX_LANGUAGE_STANDARD = "gnu++14";
				CLANG_CXX_LIBRARY = "libc++";
				CLANG_ENABLE_MODULES = YES;
				CLANG_ENABLE_OBJC_ARC = YES;
				CLANG_ENABLE_OBJC_WEAK = YES;
				CLANG_WARN_BLOCK_CAPTURE_AUTORELEASING = YES;
				CLANG_WARN_BOOL_CONVERSION = YES;
				CLANG_WARN_COMMA = YES;
				CLANG_WARN_CONSTANT_CONVERSION = YES;
				CLANG_WARN_DEPRECATED_OBJC_IMPLEMENTATIONS = YES;
				CLANG_WARN_DIRECT_OBJC_ISA_USAGE = YES_ERROR;
				CLANG_WARN_DOCUMENTATION_COMMENTS = YES;
				CLANG_WARN_EMPTY_BODY = YES;
				CLANG_WARN_ENUM_CONVERSION = YES;
				CLANG_WARN_INFINITE_RECURSION = YES;
				CLANG_WARN_INT_CONVERSION = YES;
				CLANG_WARN_NON_LITERAL_NULL_CONVERSION = YES;
				CLANG_WARN_OBJC_IMPLICIT_RETAIN_SELF = YES;
				CLANG_WARN_OBJC_LITERAL_CONVERSION = YES;
				CLANG_WARN_OBJC_ROOT_CLASS = YES_ERROR;
				CLANG_WARN_RANGE_LOOP_ANALYSIS = YES;
				CLANG_WARN_STRICT_PROTOTYPES = YES;
				CLANG_WARN_SUSPICIOUS_MOVE = YES;
				CLANG_WARN_UNGUARDED_AVAILABILITY = YES_AGGRESSIVE;
				CLANG_WARN_UNREACHABLE_CODE = YES;
				CLANG_WARN__DUPLICATE_METHOD_MATCH = YES;
				CODE_SIGN_IDENTITY = "iPhone Developer";
				COPY_PHASE_STRIP = NO;
				DEBUG_INFORMATION_FORMAT = dwarf;
				ENABLE_STRICT_OBJC_MSGSEND = YES;
				ENABLE_TESTABILITY = YES;
				GCC_C_LANGUAGE_STANDARD = gnu11;
				GCC_DYNAMIC_NO_PIC = NO;
				GCC_NO_COMMON_BLOCKS = YES;
				GCC_OPTIMIZATION_LEVEL = 0;
				GCC_PREPROCESSOR_DEFINITIONS = (
					"DEBUG=1",
					"$(inherited)",
				);
				GCC_WARN_64_TO_32_BIT_CONVERSION = YES;
				GCC_WARN_ABOUT_RETURN_TYPE = YES_ERROR;
				GCC_WARN_UNDECLARED_SELECTOR = YES;
				GCC_WARN_UNINITIALIZED_AUTOS = YES_AGGRESSIVE;
				GCC_WARN_UNUSED_FUNCTION = YES;
				GCC_WARN_UNUSED_VARIABLE = YES;
				IPHONEOS_DEPLOYMENT_TARGET = 11.3;
				MTL_ENABLE_DEBUG_INFO = YES;
				ONLY_ACTIVE_ARCH = YES;
				SDKROOT = iphoneos;
				SWIFT_ACTIVE_COMPILATION_CONDITIONS = DEBUG;
				SWIFT_OPTIMIZATION_LEVEL = "-Onone";
			};
			name = Debug;
		};
		D287D514207AEF2D001AF644 /* Release */ = {
			isa = XCBuildConfiguration;
			buildSettings = {
				ALWAYS_SEARCH_USER_PATHS = NO;
				CLANG_ANALYZER_NONNULL = YES;
				CLANG_ANALYZER_NUMBER_OBJECT_CONVERSION = YES_AGGRESSIVE;
				CLANG_CXX_LANGUAGE_STANDARD = "gnu++14";
				CLANG_CXX_LIBRARY = "libc++";
				CLANG_ENABLE_MODULES = YES;
				CLANG_ENABLE_OBJC_ARC = YES;
				CLANG_ENABLE_OBJC_WEAK = YES;
				CLANG_WARN_BLOCK_CAPTURE_AUTORELEASING = YES;
				CLANG_WARN_BOOL_CONVERSION = YES;
				CLANG_WARN_COMMA = YES;
				CLANG_WARN_CONSTANT_CONVERSION = YES;
				CLANG_WARN_DEPRECATED_OBJC_IMPLEMENTATIONS = YES;
				CLANG_WARN_DIRECT_OBJC_ISA_USAGE = YES_ERROR;
				CLANG_WARN_DOCUMENTATION_COMMENTS = YES;
				CLANG_WARN_EMPTY_BODY = YES;
				CLANG_WARN_ENUM_CONVERSION = YES;
				CLANG_WARN_INFINITE_RECURSION = YES;
				CLANG_WARN_INT_CONVERSION = YES;
				CLANG_WARN_NON_LITERAL_NULL_CONVERSION = YES;
				CLANG_WARN_OBJC_IMPLICIT_RETAIN_SELF = YES;
				CLANG_WARN_OBJC_LITERAL_CONVERSION = YES;
				CLANG_WARN_OBJC_ROOT_CLASS = YES_ERROR;
				CLANG_WARN_RANGE_LOOP_ANALYSIS = YES;
				CLANG_WARN_STRICT_PROTOTYPES = YES;
				CLANG_WARN_SUSPICIOUS_MOVE = YES;
				CLANG_WARN_UNGUARDED_AVAILABILITY = YES_AGGRESSIVE;
				CLANG_WARN_UNREACHABLE_CODE = YES;
				CLANG_WARN__DUPLICATE_METHOD_MATCH = YES;
				CODE_SIGN_IDENTITY = "iPhone Developer";
				COPY_PHASE_STRIP = NO;
				DEBUG_INFORMATION_FORMAT = "dwarf-with-dsym";
				ENABLE_NS_ASSERTIONS = NO;
				ENABLE_STRICT_OBJC_MSGSEND = YES;
				GCC_C_LANGUAGE_STANDARD = gnu11;
				GCC_NO_COMMON_BLOCKS = YES;
				GCC_WARN_64_TO_32_BIT_CONVERSION = YES;
				GCC_WARN_ABOUT_RETURN_TYPE = YES_ERROR;
				GCC_WARN_UNDECLARED_SELECTOR = YES;
				GCC_WARN_UNINITIALIZED_AUTOS = YES_AGGRESSIVE;
				GCC_WARN_UNUSED_FUNCTION = YES;
				GCC_WARN_UNUSED_VARIABLE = YES;
				IPHONEOS_DEPLOYMENT_TARGET = 11.3;
				MTL_ENABLE_DEBUG_INFO = NO;
				SDKROOT = iphoneos;
				SWIFT_COMPILATION_MODE = wholemodule;
				SWIFT_OPTIMIZATION_LEVEL = "-O";
				VALIDATE_PRODUCT = YES;
			};
			name = Release;
		};
		D287D516207AEF2D001AF644 /* Debug */ = {
			isa = XCBuildConfiguration;
			buildSettings = {
				ASSETCATALOG_COMPILER_APPICON_NAME = AppIcon;
				CLANG_ENABLE_MODULES = YES;
				CODE_SIGN_STYLE = Automatic;
				DEVELOPMENT_TEAM = FCHUE4234N;
				FRAMEWORK_SEARCH_PATHS = (
					"$(inherited)",
					"$(PROJECT_DIR)/Carthage/Build/iOS",
				);
				INFOPLIST_FILE = "$(SRCROOT)/Source/pines_app/Info.plist";
				LD_RUNPATH_SEARCH_PATHS = (
					"$(inherited)",
					"@executable_path/Frameworks",
				);
				PRODUCT_BUNDLE_IDENTIFIER = net.kenstir.apps.pines;
				PRODUCT_NAME = "$(TARGET_NAME)";
				SWIFT_OBJC_BRIDGING_HEADER = "Hemlock-Bridging-Header.h";
				SWIFT_OPTIMIZATION_LEVEL = "-Onone";
				SWIFT_VERSION = 4.0;
				TARGETED_DEVICE_FAMILY = "1,2";
			};
			name = Debug;
		};
		D287D517207AEF2D001AF644 /* Release */ = {
			isa = XCBuildConfiguration;
			buildSettings = {
				ASSETCATALOG_COMPILER_APPICON_NAME = AppIcon;
				CLANG_ENABLE_MODULES = YES;
				CODE_SIGN_STYLE = Automatic;
				DEVELOPMENT_TEAM = FCHUE4234N;
				FRAMEWORK_SEARCH_PATHS = (
					"$(inherited)",
					"$(PROJECT_DIR)/Carthage/Build/iOS",
				);
				INFOPLIST_FILE = "$(SRCROOT)/Source/pines_app/Info.plist";
				LD_RUNPATH_SEARCH_PATHS = (
					"$(inherited)",
					"@executable_path/Frameworks",
				);
				PRODUCT_BUNDLE_IDENTIFIER = net.kenstir.apps.pines;
				PRODUCT_NAME = "$(TARGET_NAME)";
				SWIFT_OBJC_BRIDGING_HEADER = "Hemlock-Bridging-Header.h";
				SWIFT_VERSION = 4.0;
				TARGETED_DEVICE_FAMILY = "1,2";
			};
			name = Release;
		};
		D287D519207AEF2D001AF644 /* Debug */ = {
			isa = XCBuildConfiguration;
			buildSettings = {
				ALWAYS_EMBED_SWIFT_STANDARD_LIBRARIES = YES;
				BUNDLE_LOADER = "$(TEST_HOST)";
				CODE_SIGN_STYLE = Automatic;
				DEVELOPMENT_TEAM = FCHUE4234N;
				FRAMEWORK_SEARCH_PATHS = (
					"$(inherited)",
					"$(PROJECT_DIR)/Carthage/Build/iOS",
				);
				INFOPLIST_FILE = Tests/Info.plist;
				LD_RUNPATH_SEARCH_PATHS = (
					"$(inherited)",
					"@executable_path/Frameworks",
					"@loader_path/Frameworks",
				);
				PRODUCT_BUNDLE_IDENTIFIER = kenstir.net.HemlockTests;
				PRODUCT_NAME = "$(TARGET_NAME)";
				SWIFT_VERSION = 4.0;
				TARGETED_DEVICE_FAMILY = "1,2";
				TEST_HOST = "$(BUILT_PRODUCTS_DIR)/Hemlock.app/Hemlock";
			};
			name = Debug;
		};
		D287D51A207AEF2D001AF644 /* Release */ = {
			isa = XCBuildConfiguration;
			buildSettings = {
				ALWAYS_EMBED_SWIFT_STANDARD_LIBRARIES = YES;
				BUNDLE_LOADER = "$(TEST_HOST)";
				CODE_SIGN_STYLE = Automatic;
				DEVELOPMENT_TEAM = FCHUE4234N;
				FRAMEWORK_SEARCH_PATHS = (
					"$(inherited)",
					"$(PROJECT_DIR)/Carthage/Build/iOS",
				);
				INFOPLIST_FILE = Tests/Info.plist;
				LD_RUNPATH_SEARCH_PATHS = (
					"$(inherited)",
					"@executable_path/Frameworks",
					"@loader_path/Frameworks",
				);
				PRODUCT_BUNDLE_IDENTIFIER = kenstir.net.HemlockTests;
				PRODUCT_NAME = "$(TARGET_NAME)";
				SWIFT_VERSION = 4.0;
				TARGETED_DEVICE_FAMILY = "1,2";
				TEST_HOST = "$(BUILT_PRODUCTS_DIR)/Hemlock.app/Hemlock";
			};
			name = Release;
		};
/* End XCBuildConfiguration section */

/* Begin XCConfigurationList section */
		D279910720DDD473003B451E /* Build configuration list for PBXNativeTarget "Hemlock" */ = {
			isa = XCConfigurationList;
			buildConfigurations = (
				D279910820DDD473003B451E /* Debug */,
				D279910920DDD473003B451E /* Release */,
			);
			defaultConfigurationIsVisible = 0;
			defaultConfigurationName = Release;
		};
		D287D4F3207AEF2B001AF644 /* Build configuration list for PBXProject "Hemlock" */ = {
			isa = XCConfigurationList;
			buildConfigurations = (
				D287D513207AEF2D001AF644 /* Debug */,
				D287D514207AEF2D001AF644 /* Release */,
			);
			defaultConfigurationIsVisible = 0;
			defaultConfigurationName = Release;
		};
		D287D515207AEF2D001AF644 /* Build configuration list for PBXNativeTarget "PINES" */ = {
			isa = XCConfigurationList;
			buildConfigurations = (
				D287D516207AEF2D001AF644 /* Debug */,
				D287D517207AEF2D001AF644 /* Release */,
			);
			defaultConfigurationIsVisible = 0;
			defaultConfigurationName = Release;
		};
		D287D518207AEF2D001AF644 /* Build configuration list for PBXNativeTarget "HemlockTests" */ = {
			isa = XCConfigurationList;
			buildConfigurations = (
				D287D519207AEF2D001AF644 /* Debug */,
				D287D51A207AEF2D001AF644 /* Release */,
			);
			defaultConfigurationIsVisible = 0;
			defaultConfigurationName = Release;
		};
/* End XCConfigurationList section */
	};
	rootObject = D287D4F0207AEF2B001AF644 /* Project object */;
}
